
Microsoft Visual Studio Solution File, Format Version 12.00
# Visual Studio Version 17
VisualStudioVersion = 17.0.31903.59
MinimumVisualStudioVersion = 10.0.40219.1
Project("{2150E333-8FDC-42A3-9474-1A3956D46DE8}") = "src", "src", "{827E0CD3-B72D-47B6-A68D-7590B98EB39B}"
	ProjectSection(SolutionItems) = preProject
		src\nupkgs\nuget.config = src\nupkgs\nuget.config
	EndProjectSection
EndProject
Project("{2150E333-8FDC-42A3-9474-1A3956D46DE8}") = "Services", "Services", "{984BB9B3-3FA3-BE33-9484-CAC21695A33C}"
EndProject
Project("{2150E333-8FDC-42A3-9474-1A3956D46DE8}") = "Gateway", "Gateway", "{6306A8FB-679E-111F-6585-8F70E0EE6013}"
EndProject
Project("{FAE04EC0-301F-11D3-BF4B-00C04F79EFBC}") = "Humanity.ApiGateway", "src\Gateway\Humanity.ApiGateway\Humanity.ApiGateway.csproj", "{6FA0CAF7-E0C0-49B2-9662-D335F73982ED}"
EndProject
Project("{2150E333-8FDC-42A3-9474-1A3956D46DE8}") = "Identity", "Identity", "{65ABFB5D-2B10-DF64-BF12-C17976F8E5D9}"
EndProject
Project("{FAE04EC0-301F-11D3-BF4B-00C04F79EFBC}") = "Identity.Application", "src\Identity\Identity.Application\Identity.Application.csproj", "{0D5E5628-F0BF-40CB-A599-92C33D9D725C}"
EndProject
Project("{FAE04EC0-301F-11D3-BF4B-00C04F79EFBC}") = "Identity.Domain", "src\Identity\Identity.Domain\Identity.Domain.csproj", "{96CB1251-1072-4042-9FB5-659D755E30CE}"
EndProject
Project("{FAE04EC0-301F-11D3-BF4B-00C04F79EFBC}") = "Identity.Infrastructure", "src\Identity\Identity.Infrastructure\Identity.Infrastructure.csproj", "{9934FABF-310B-4D91-999F-09B65F86C14A}"
EndProject
Project("{FAE04EC0-301F-11D3-BF4B-00C04F79EFBC}") = "Identity.Api", "src\Identity\Identity.Api\Identity.Api.csproj", "{6ACFC47F-49BA-4E40-B646-2DE0255187DE}"
EndProject
Project("{2150E333-8FDC-42A3-9474-1A3956D46DE8}") = "PostService", "PostService", "{385B7D45-7375-ADE1-0C95-BEC07576A58E}"
EndProject
Project("{FAE04EC0-301F-11D3-BF4B-00C04F79EFBC}") = "PostService.Api", "src\Services\PostService\PostService.Api\PostService.Api.csproj", "{7DEEA0E1-AFAB-4270-9788-D327DD0751AD}"
EndProject
Project("{FAE04EC0-301F-11D3-BF4B-00C04F79EFBC}") = "PostService.Application", "src\Services\PostService\PostService.Application\PostService.Application.csproj", "{B8DD194C-2228-417F-9BE8-84D8188DDBB5}"
EndProject
Project("{FAE04EC0-301F-11D3-BF4B-00C04F79EFBC}") = "PostService.Domain", "src\Services\PostService\PostService.Domain\PostService.Domain.csproj", "{F1A8EA27-F9F7-4F4E-AEB9-2B80F5E59699}"
EndProject
Project("{FAE04EC0-301F-11D3-BF4B-00C04F79EFBC}") = "PostService.Infrastructure", "src\Services\PostService\PostService.Infrastructure\PostService.Infrastructure.csproj", "{497C5129-8527-4C77-AC1A-FBA20530AF30}"
EndProject
Project("{FAE04EC0-301F-11D3-BF4B-00C04F79EFBC}") = "PostService.Persistence", "src\Services\PostService\PostService.Persistence\PostService.Persistence.csproj", "{4E73F949-D345-4C2B-B5CB-49FB76CFF31A}"
EndProject
Project("{2150E333-8FDC-42A3-9474-1A3956D46DE8}") = "StudentService", "StudentService", "{3B521CF7-B069-430A-8FD9-B750550B7C6C}"
EndProject
Project("{FAE04EC0-301F-11D3-BF4B-00C04F79EFBC}") = "StudentService.Application", "src\Services\StudentService\StudentService.Application\StudentService.Application.csproj", "{CC9C03C7-4D29-4C32-9A81-F941DFCBA262}"
EndProject
Project("{FAE04EC0-301F-11D3-BF4B-00C04F79EFBC}") = "StudentService.Domain", "src\Services\StudentService\StudentService.Domain\StudentService.Domain.csproj", "{FF0CC4A6-B462-0A79-1050-FE20D0230E6A}"
EndProject
Project("{FAE04EC0-301F-11D3-BF4B-00C04F79EFBC}") = "StudentService.Persistence", "src\Services\StudentService\StudentService.Persistence\StudentService.Persistence.csproj", "{BED4027C-A47C-0E06-5FC3-73FFD7BA4EFE}"
EndProject
Project("{FAE04EC0-301F-11D3-BF4B-00C04F79EFBC}") = "StudentService.Api", "src\Services\StudentService\StudentService.Api\StudentService.Api.csproj", "{0CFDD74E-3F53-44DB-F47C-85E1F6255EC7}"
EndProject
Project("{FAE04EC0-301F-11D3-BF4B-00C04F79EFBC}") = "StudentService.Infrastructure", "src\Services\StudentService\StudentService.Infrastructure\StudentService.Infrastructure.csproj", "{C2F2AE2C-AEC6-69E3-8AD7-D215B884B9BF}"
EndProject
Project("{2150E333-8FDC-42A3-9474-1A3956D46DE8}") = "PaymentService", "PaymentService", "{40CB294E-2A2C-AA7D-5466-10F40F0DAD4F}"
EndProject
Project("{FAE04EC0-301F-11D3-BF4B-00C04F79EFBC}") = "PaymentService.Api", "src\Services\PaymentService\PaymentService.Api\PaymentService.Api.csproj", "{8099165E-826D-455A-8A0B-C0E5676B1384}"
EndProject
Project("{FAE04EC0-301F-11D3-BF4B-00C04F79EFBC}") = "PaymentService.Application", "src\Services\PaymentService\PaymentService.Application\PaymentService.Application.csproj", "{66462725-1997-4332-A7BA-E693987AE5CE}"
EndProject
Project("{FAE04EC0-301F-11D3-BF4B-00C04F79EFBC}") = "PaymentService.Domain", "src\Services\PaymentService\PaymentService.Domain\PaymentService.Domain.csproj", "{8590939F-4018-48CD-9434-A112D13ECDE2}"
EndProject
Project("{FAE04EC0-301F-11D3-BF4B-00C04F79EFBC}") = "PaymentService.Infrastructure", "src\Services\PaymentService\PaymentService.Infrastructure\PaymentService.Infrastructure.csproj", "{85CA8F58-E16B-4148-8A8A-E05E564B85E5}"
EndProject
Project("{FAE04EC0-301F-11D3-BF4B-00C04F79EFBC}") = "PaymentService.Persistence", "src\Services\PaymentService\PaymentService.Persistence\PaymentService.Persistence.csproj", "{7F71E15B-E0B4-4FD4-BF2A-B5302F51E762}"
EndProject
Project("{2150E333-8FDC-42A3-9474-1A3956D46DE8}") = "AccountService", "AccountService", "{7B912DB9-331B-0944-5302-1EBCC0404D36}"
EndProject
Project("{FAE04EC0-301F-11D3-BF4B-00C04F79EFBC}") = "AccountService.Api", "src\Services\AccountService\AccountService.Api\AccountService.Api.csproj", "{184A8C07-54DD-4F7B-8837-456EE79FE9A5}"
EndProject
Project("{FAE04EC0-301F-11D3-BF4B-00C04F79EFBC}") = "AccountService.Application", "src\Services\AccountService\AccountService.Application\AccountService.Application.csproj", "{54555FC6-20FD-4C25-B576-75A487D7E967}"
EndProject
Project("{FAE04EC0-301F-11D3-BF4B-00C04F79EFBC}") = "AccountService.Domain", "src\Services\AccountService\AccountService.Domain\AccountService.Domain.csproj", "{211AD5F3-C6D4-4F11-9CF3-C3E6E40F3897}"
EndProject
Project("{FAE04EC0-301F-11D3-BF4B-00C04F79EFBC}") = "AccountService.Infrastructure", "src\Services\AccountService\AccountService.Infrastructure\AccountService.Infrastructure.csproj", "{08B6E9BD-B7CF-4C8A-B443-39D43C4F1F6D}"
EndProject
Project("{FAE04EC0-301F-11D3-BF4B-00C04F79EFBC}") = "AccountService.Peristence", "src\Services\AccountService\AccountService.Peristence\AccountService.Peristence.csproj", "{9654A80C-F714-4391-9180-9A35E98CC3B2}"
EndProject
Project("{2150E333-8FDC-42A3-9474-1A3956D46DE8}") = "CourseService", "CourseService", "{1661F2E8-D85F-4B96-4B1E-439310AAEA29}"
EndProject
Project("{FAE04EC0-301F-11D3-BF4B-00C04F79EFBC}") = "CourseService.Api", "src\Services\CourseService\CourseService.Api\CourseService.Api.csproj", "{CD14BAF6-1FF9-4899-8F7F-C4766629D6A4}"
EndProject
Project("{FAE04EC0-301F-11D3-BF4B-00C04F79EFBC}") = "CourseService.Application", "src\Services\CourseService\CourseService.Application\CourseService.Application.csproj", "{F44EBDAF-8A28-49AE-9932-75D35F053BC6}"
EndProject
Project("{FAE04EC0-301F-11D3-BF4B-00C04F79EFBC}") = "CourseService.Domain", "src\Services\CourseService\CourseService.Domain\CourseService.Domain.csproj", "{69FE5A91-FD52-4D5E-9118-FD95F15F1A37}"
EndProject
Project("{FAE04EC0-301F-11D3-BF4B-00C04F79EFBC}") = "CourseService.Infrastructure", "src\Services\CourseService\CourseService.Infrastructure\CourseService.Infrastructure.csproj", "{18CABCB0-BD5F-4EEC-A537-BE96E0384FF0}"
EndProject
Project("{FAE04EC0-301F-11D3-BF4B-00C04F79EFBC}") = "CourseService.Persistence", "src\Services\CourseService\CourseService.Persistence\CourseService.Persistence.csproj", "{CC81915F-8ED4-4628-83CF-37DE27FCF7E8}"
EndProject
Project("{2150E333-8FDC-42A3-9474-1A3956D46DE8}") = "SharedKernel", "SharedKernel", "{320EE481-A654-4850-B4F0-4F5220828836}"
EndProject
Project("{FAE04EC0-301F-11D3-BF4B-00C04F79EFBC}") = "SharedKernel", "src\SharedKernel\SharedKernel\SharedKernel.csproj", "{32466F05-DDFD-441C-9AA1-AAA759F82BBB}"
EndProject
Project("{2150E333-8FDC-42A3-9474-1A3956D46DE8}") = "Education", "Education", "{82373B69-7F92-25FF-C38D-C7DBA77E9B6B}"
EndProject
Project("{2150E333-8FDC-42A3-9474-1A3956D46DE8}") = "Modules", "Modules", "{90C52EDF-B427-B9C8-5148-928341B5ADE9}"
EndProject
Project("{2150E333-8FDC-42A3-9474-1A3956D46DE8}") = "CourseModule", "CourseModule", "{D19CA88D-7C4D-997D-0FD8-0448600FABC9}"
EndProject
Project("{FAE04EC0-301F-11D3-BF4B-00C04F79EFBC}") = "CourseModule.Application", "src\Services\Education\Modules\CourseModule\CourseModule.Application\CourseModule.Application.csproj", "{B00120F1-A1CA-4E82-8E46-3E4F9554177A}"
EndProject
Project("{FAE04EC0-301F-11D3-BF4B-00C04F79EFBC}") = "CourseModule.Domain", "src\Services\Education\Modules\CourseModule\CourseModule.Domain\CourseModule.Domain.csproj", "{09093F96-DE20-428C-8BE8-EE47E2FE6A2A}"
EndProject
Project("{FAE04EC0-301F-11D3-BF4B-00C04F79EFBC}") = "CourseModule.Infrastructure", "src\Services\Education\Modules\CourseModule\CourseModule.Infrastructure\CourseModule.Infrastructure.csproj", "{629A099B-19FC-447C-B2D0-1655787BC7C7}"
EndProject
Project("{FAE04EC0-301F-11D3-BF4B-00C04F79EFBC}") = "Education.Api", "src\Services\Education\Modules\Education.Api\Education.Api.csproj", "{66B37E60-EA20-4E9B-B686-AA000174D187}"
EndProject
Project("{2150E333-8FDC-42A3-9474-1A3956D46DE8}") = "LessonModule", "LessonModule", "{A6FDDD60-0729-20A8-B34B-5C491A9F6298}"
EndProject
Project("{FAE04EC0-301F-11D3-BF4B-00C04F79EFBC}") = "LessonModule.Application", "src\Services\Education\Modules\LessonModule\LessonModule.Application\LessonModule.Application.csproj", "{EF5F055A-09E3-4C4C-AC86-7589707D8633}"
EndProject
Project("{FAE04EC0-301F-11D3-BF4B-00C04F79EFBC}") = "LessonModule.Domain", "src\Services\Education\Modules\LessonModule\LessonModule.Domain\LessonModule.Domain.csproj", "{09557C87-E964-4DC2-B72A-CFE46FCF2943}"
EndProject
Project("{FAE04EC0-301F-11D3-BF4B-00C04F79EFBC}") = "LessonModule.Infrastructure", "src\Services\Education\Modules\LessonModule\LessonModule.Infrastructure\LessonModule.Infrastructure.csproj", "{5C259508-AB1D-4745-AAD5-CE38E902B424}"
EndProject
Project("{2150E333-8FDC-42A3-9474-1A3956D46DE8}") = "ExamModule", "ExamModule", "{154E8A65-2BE3-AFBC-6112-ABC38D3AFEFC}"
EndProject
Project("{FAE04EC0-301F-11D3-BF4B-00C04F79EFBC}") = "ExamModule.Application", "src\Services\Education\Modules\ExamModule\ExamModule.Application\ExamModule.Application.csproj", "{4C2AE286-E774-4611-ACD4-C2640B97E0E8}"
EndProject
Project("{FAE04EC0-301F-11D3-BF4B-00C04F79EFBC}") = "ExamModule.Domain", "src\Services\Education\Modules\ExamModule\ExamModule.Domain\ExamModule.Domain.csproj", "{8A94C5AE-63D6-4CE3-9A01-7CE346DBBAD7}"
EndProject
Project("{FAE04EC0-301F-11D3-BF4B-00C04F79EFBC}") = "ExamModule.Infrastructure", "src\Services\Education\Modules\ExamModule\ExamModule.Infrastructure\ExamModule.Infrastructure.csproj", "{D50D2EE2-61BB-4A9F-B02E-BE680DECAF7D}"
EndProject
Project("{2150E333-8FDC-42A3-9474-1A3956D46DE8}") = "GradeModule", "GradeModule", "{6EB51EE4-C7CA-8DEB-C3F2-E61C0A0B698C}"
EndProject
Project("{FAE04EC0-301F-11D3-BF4B-00C04F79EFBC}") = "GradeModule.Application", "src\Services\Education\Modules\GradeModule\GradeModule.Application\GradeModule.Application.csproj", "{3991964D-3E89-432D-A63F-5708CCBA25A2}"
EndProject
Project("{FAE04EC0-301F-11D3-BF4B-00C04F79EFBC}") = "GradeModule.Domain", "src\Services\Education\Modules\GradeModule\GradeModule.Domain\GradeModule.Domain.csproj", "{F0D466C2-71AB-4E21-9026-5B3C7DB166C9}"
EndProject
Project("{FAE04EC0-301F-11D3-BF4B-00C04F79EFBC}") = "GradeModule.Infrastructure", "src\Services\Education\Modules\GradeModule\GradeModule.Infrastructure\GradeModule.Infrastructure.csproj", "{57E677D8-00AD-400C-A944-4F344788A073}"
EndProject
Project("{2150E333-8FDC-42A3-9474-1A3956D46DE8}") = "HomeworkModule", "HomeworkModule", "{7D20ED7D-D61A-C2F2-7F18-941BF5FC477B}"
EndProject
Project("{FAE04EC0-301F-11D3-BF4B-00C04F79EFBC}") = "HomeworkModule.Application", "src\Services\Education\Modules\HomeworkModule\HomeworkModule.Application\HomeworkModule.Application.csproj", "{CB1635BF-49A9-43E0-8D93-D36B710A8222}"
EndProject
Project("{FAE04EC0-301F-11D3-BF4B-00C04F79EFBC}") = "HomeworkModule.Domain", "src\Services\Education\Modules\HomeworkModule\HomeworkModule.Domain\HomeworkModule.Domain.csproj", "{B86DABB7-F502-449F-9355-C1E6AFCBD7C1}"
EndProject
Project("{FAE04EC0-301F-11D3-BF4B-00C04F79EFBC}") = "HomeworkModule.Infrastructure", "src\Services\Education\Modules\HomeworkModule\HomeworkModule.Infrastructure\HomeworkModule.Infrastructure.csproj", "{F341CA52-32B3-4362-B19E-36C173168458}"
EndProject
Project("{2150E333-8FDC-42A3-9474-1A3956D46DE8}") = "ScheduleModule", "ScheduleModule", "{4FEE31B5-7AAD-E225-285B-37DE52B9D174}"
EndProject
Project("{FAE04EC0-301F-11D3-BF4B-00C04F79EFBC}") = "ScheduleModule.Application", "src\Services\Education\Modules\ScheduleModule\ScheduleModule.Application\ScheduleModule.Application.csproj", "{66275388-EC45-459B-B6C2-3D6CC6ACACE1}"
EndProject
Project("{FAE04EC0-301F-11D3-BF4B-00C04F79EFBC}") = "ScheduleModule.Domain", "src\Services\Education\Modules\ScheduleModule\ScheduleModule.Domain\ScheduleModule.Domain.csproj", "{ED411E3C-6A93-4779-9B13-FAE4F88B99FD}"
EndProject
Project("{FAE04EC0-301F-11D3-BF4B-00C04F79EFBC}") = "ScheduleModule.Infrastructure", "src\Services\Education\Modules\ScheduleModule\ScheduleModule.Infrastructure\ScheduleModule.Infrastructure.csproj", "{58C5DC6E-12A9-4A4A-BBEC-14B8C115103A}"
EndProject
Global
	GlobalSection(SolutionConfigurationPlatforms) = preSolution
		Debug|Any CPU = Debug|Any CPU
		Debug|x64 = Debug|x64
		Debug|x86 = Debug|x86
		Release|Any CPU = Release|Any CPU
		Release|x64 = Release|x64
		Release|x86 = Release|x86
	EndGlobalSection
	GlobalSection(ProjectConfigurationPlatforms) = postSolution
		{6FA0CAF7-E0C0-49B2-9662-D335F73982ED}.Debug|Any CPU.ActiveCfg = Debug|Any CPU
		{6FA0CAF7-E0C0-49B2-9662-D335F73982ED}.Debug|Any CPU.Build.0 = Debug|Any CPU
		{6FA0CAF7-E0C0-49B2-9662-D335F73982ED}.Debug|x64.ActiveCfg = Debug|Any CPU
		{6FA0CAF7-E0C0-49B2-9662-D335F73982ED}.Debug|x64.Build.0 = Debug|Any CPU
		{6FA0CAF7-E0C0-49B2-9662-D335F73982ED}.Debug|x86.ActiveCfg = Debug|Any CPU
		{6FA0CAF7-E0C0-49B2-9662-D335F73982ED}.Debug|x86.Build.0 = Debug|Any CPU
		{6FA0CAF7-E0C0-49B2-9662-D335F73982ED}.Release|Any CPU.ActiveCfg = Release|Any CPU
		{6FA0CAF7-E0C0-49B2-9662-D335F73982ED}.Release|Any CPU.Build.0 = Release|Any CPU
		{6FA0CAF7-E0C0-49B2-9662-D335F73982ED}.Release|x64.ActiveCfg = Release|Any CPU
		{6FA0CAF7-E0C0-49B2-9662-D335F73982ED}.Release|x64.Build.0 = Release|Any CPU
		{6FA0CAF7-E0C0-49B2-9662-D335F73982ED}.Release|x86.ActiveCfg = Release|Any CPU
		{6FA0CAF7-E0C0-49B2-9662-D335F73982ED}.Release|x86.Build.0 = Release|Any CPU
		{0D5E5628-F0BF-40CB-A599-92C33D9D725C}.Debug|Any CPU.ActiveCfg = Debug|Any CPU
		{0D5E5628-F0BF-40CB-A599-92C33D9D725C}.Debug|Any CPU.Build.0 = Debug|Any CPU
		{0D5E5628-F0BF-40CB-A599-92C33D9D725C}.Debug|x64.ActiveCfg = Debug|Any CPU
		{0D5E5628-F0BF-40CB-A599-92C33D9D725C}.Debug|x64.Build.0 = Debug|Any CPU
		{0D5E5628-F0BF-40CB-A599-92C33D9D725C}.Debug|x86.ActiveCfg = Debug|Any CPU
		{0D5E5628-F0BF-40CB-A599-92C33D9D725C}.Debug|x86.Build.0 = Debug|Any CPU
		{0D5E5628-F0BF-40CB-A599-92C33D9D725C}.Release|Any CPU.ActiveCfg = Release|Any CPU
		{0D5E5628-F0BF-40CB-A599-92C33D9D725C}.Release|Any CPU.Build.0 = Release|Any CPU
		{0D5E5628-F0BF-40CB-A599-92C33D9D725C}.Release|x64.ActiveCfg = Release|Any CPU
		{0D5E5628-F0BF-40CB-A599-92C33D9D725C}.Release|x64.Build.0 = Release|Any CPU
		{0D5E5628-F0BF-40CB-A599-92C33D9D725C}.Release|x86.ActiveCfg = Release|Any CPU
		{0D5E5628-F0BF-40CB-A599-92C33D9D725C}.Release|x86.Build.0 = Release|Any CPU
		{96CB1251-1072-4042-9FB5-659D755E30CE}.Debug|Any CPU.ActiveCfg = Debug|Any CPU
		{96CB1251-1072-4042-9FB5-659D755E30CE}.Debug|Any CPU.Build.0 = Debug|Any CPU
		{96CB1251-1072-4042-9FB5-659D755E30CE}.Debug|x64.ActiveCfg = Debug|Any CPU
		{96CB1251-1072-4042-9FB5-659D755E30CE}.Debug|x64.Build.0 = Debug|Any CPU
		{96CB1251-1072-4042-9FB5-659D755E30CE}.Debug|x86.ActiveCfg = Debug|Any CPU
		{96CB1251-1072-4042-9FB5-659D755E30CE}.Debug|x86.Build.0 = Debug|Any CPU
		{96CB1251-1072-4042-9FB5-659D755E30CE}.Release|Any CPU.ActiveCfg = Release|Any CPU
		{96CB1251-1072-4042-9FB5-659D755E30CE}.Release|Any CPU.Build.0 = Release|Any CPU
		{96CB1251-1072-4042-9FB5-659D755E30CE}.Release|x64.ActiveCfg = Release|Any CPU
		{96CB1251-1072-4042-9FB5-659D755E30CE}.Release|x64.Build.0 = Release|Any CPU
		{96CB1251-1072-4042-9FB5-659D755E30CE}.Release|x86.ActiveCfg = Release|Any CPU
		{96CB1251-1072-4042-9FB5-659D755E30CE}.Release|x86.Build.0 = Release|Any CPU
		{9934FABF-310B-4D91-999F-09B65F86C14A}.Debug|Any CPU.ActiveCfg = Debug|Any CPU
		{9934FABF-310B-4D91-999F-09B65F86C14A}.Debug|Any CPU.Build.0 = Debug|Any CPU
		{9934FABF-310B-4D91-999F-09B65F86C14A}.Debug|x64.ActiveCfg = Debug|Any CPU
		{9934FABF-310B-4D91-999F-09B65F86C14A}.Debug|x64.Build.0 = Debug|Any CPU
		{9934FABF-310B-4D91-999F-09B65F86C14A}.Debug|x86.ActiveCfg = Debug|Any CPU
		{9934FABF-310B-4D91-999F-09B65F86C14A}.Debug|x86.Build.0 = Debug|Any CPU
		{9934FABF-310B-4D91-999F-09B65F86C14A}.Release|Any CPU.ActiveCfg = Release|Any CPU
		{9934FABF-310B-4D91-999F-09B65F86C14A}.Release|Any CPU.Build.0 = Release|Any CPU
		{9934FABF-310B-4D91-999F-09B65F86C14A}.Release|x64.ActiveCfg = Release|Any CPU
		{9934FABF-310B-4D91-999F-09B65F86C14A}.Release|x64.Build.0 = Release|Any CPU
		{9934FABF-310B-4D91-999F-09B65F86C14A}.Release|x86.ActiveCfg = Release|Any CPU
		{9934FABF-310B-4D91-999F-09B65F86C14A}.Release|x86.Build.0 = Release|Any CPU
		{6ACFC47F-49BA-4E40-B646-2DE0255187DE}.Debug|Any CPU.ActiveCfg = Debug|Any CPU
		{6ACFC47F-49BA-4E40-B646-2DE0255187DE}.Debug|Any CPU.Build.0 = Debug|Any CPU
		{6ACFC47F-49BA-4E40-B646-2DE0255187DE}.Debug|x64.ActiveCfg = Debug|Any CPU
		{6ACFC47F-49BA-4E40-B646-2DE0255187DE}.Debug|x64.Build.0 = Debug|Any CPU
		{6ACFC47F-49BA-4E40-B646-2DE0255187DE}.Debug|x86.ActiveCfg = Debug|Any CPU
		{6ACFC47F-49BA-4E40-B646-2DE0255187DE}.Debug|x86.Build.0 = Debug|Any CPU
		{6ACFC47F-49BA-4E40-B646-2DE0255187DE}.Release|Any CPU.ActiveCfg = Release|Any CPU
		{6ACFC47F-49BA-4E40-B646-2DE0255187DE}.Release|Any CPU.Build.0 = Release|Any CPU
		{6ACFC47F-49BA-4E40-B646-2DE0255187DE}.Release|x64.ActiveCfg = Release|Any CPU
		{6ACFC47F-49BA-4E40-B646-2DE0255187DE}.Release|x64.Build.0 = Release|Any CPU
		{6ACFC47F-49BA-4E40-B646-2DE0255187DE}.Release|x86.ActiveCfg = Release|Any CPU
		{6ACFC47F-49BA-4E40-B646-2DE0255187DE}.Release|x86.Build.0 = Release|Any CPU
		{7DEEA0E1-AFAB-4270-9788-D327DD0751AD}.Debug|Any CPU.ActiveCfg = Debug|Any CPU
		{7DEEA0E1-AFAB-4270-9788-D327DD0751AD}.Debug|Any CPU.Build.0 = Debug|Any CPU
		{7DEEA0E1-AFAB-4270-9788-D327DD0751AD}.Debug|x64.ActiveCfg = Debug|Any CPU
		{7DEEA0E1-AFAB-4270-9788-D327DD0751AD}.Debug|x64.Build.0 = Debug|Any CPU
		{7DEEA0E1-AFAB-4270-9788-D327DD0751AD}.Debug|x86.ActiveCfg = Debug|Any CPU
		{7DEEA0E1-AFAB-4270-9788-D327DD0751AD}.Debug|x86.Build.0 = Debug|Any CPU
		{7DEEA0E1-AFAB-4270-9788-D327DD0751AD}.Release|Any CPU.ActiveCfg = Release|Any CPU
		{7DEEA0E1-AFAB-4270-9788-D327DD0751AD}.Release|Any CPU.Build.0 = Release|Any CPU
		{7DEEA0E1-AFAB-4270-9788-D327DD0751AD}.Release|x64.ActiveCfg = Release|Any CPU
		{7DEEA0E1-AFAB-4270-9788-D327DD0751AD}.Release|x64.Build.0 = Release|Any CPU
		{7DEEA0E1-AFAB-4270-9788-D327DD0751AD}.Release|x86.ActiveCfg = Release|Any CPU
		{7DEEA0E1-AFAB-4270-9788-D327DD0751AD}.Release|x86.Build.0 = Release|Any CPU
		{B8DD194C-2228-417F-9BE8-84D8188DDBB5}.Debug|Any CPU.ActiveCfg = Debug|Any CPU
		{B8DD194C-2228-417F-9BE8-84D8188DDBB5}.Debug|Any CPU.Build.0 = Debug|Any CPU
		{B8DD194C-2228-417F-9BE8-84D8188DDBB5}.Debug|x64.ActiveCfg = Debug|Any CPU
		{B8DD194C-2228-417F-9BE8-84D8188DDBB5}.Debug|x64.Build.0 = Debug|Any CPU
		{B8DD194C-2228-417F-9BE8-84D8188DDBB5}.Debug|x86.ActiveCfg = Debug|Any CPU
		{B8DD194C-2228-417F-9BE8-84D8188DDBB5}.Debug|x86.Build.0 = Debug|Any CPU
		{B8DD194C-2228-417F-9BE8-84D8188DDBB5}.Release|Any CPU.ActiveCfg = Release|Any CPU
		{B8DD194C-2228-417F-9BE8-84D8188DDBB5}.Release|Any CPU.Build.0 = Release|Any CPU
		{B8DD194C-2228-417F-9BE8-84D8188DDBB5}.Release|x64.ActiveCfg = Release|Any CPU
		{B8DD194C-2228-417F-9BE8-84D8188DDBB5}.Release|x64.Build.0 = Release|Any CPU
		{B8DD194C-2228-417F-9BE8-84D8188DDBB5}.Release|x86.ActiveCfg = Release|Any CPU
		{B8DD194C-2228-417F-9BE8-84D8188DDBB5}.Release|x86.Build.0 = Release|Any CPU
		{F1A8EA27-F9F7-4F4E-AEB9-2B80F5E59699}.Debug|Any CPU.ActiveCfg = Debug|Any CPU
		{F1A8EA27-F9F7-4F4E-AEB9-2B80F5E59699}.Debug|Any CPU.Build.0 = Debug|Any CPU
		{F1A8EA27-F9F7-4F4E-AEB9-2B80F5E59699}.Debug|x64.ActiveCfg = Debug|Any CPU
		{F1A8EA27-F9F7-4F4E-AEB9-2B80F5E59699}.Debug|x64.Build.0 = Debug|Any CPU
		{F1A8EA27-F9F7-4F4E-AEB9-2B80F5E59699}.Debug|x86.ActiveCfg = Debug|Any CPU
		{F1A8EA27-F9F7-4F4E-AEB9-2B80F5E59699}.Debug|x86.Build.0 = Debug|Any CPU
		{F1A8EA27-F9F7-4F4E-AEB9-2B80F5E59699}.Release|Any CPU.ActiveCfg = Release|Any CPU
		{F1A8EA27-F9F7-4F4E-AEB9-2B80F5E59699}.Release|Any CPU.Build.0 = Release|Any CPU
		{F1A8EA27-F9F7-4F4E-AEB9-2B80F5E59699}.Release|x64.ActiveCfg = Release|Any CPU
		{F1A8EA27-F9F7-4F4E-AEB9-2B80F5E59699}.Release|x64.Build.0 = Release|Any CPU
		{F1A8EA27-F9F7-4F4E-AEB9-2B80F5E59699}.Release|x86.ActiveCfg = Release|Any CPU
		{F1A8EA27-F9F7-4F4E-AEB9-2B80F5E59699}.Release|x86.Build.0 = Release|Any CPU
		{497C5129-8527-4C77-AC1A-FBA20530AF30}.Debug|Any CPU.ActiveCfg = Debug|Any CPU
		{497C5129-8527-4C77-AC1A-FBA20530AF30}.Debug|Any CPU.Build.0 = Debug|Any CPU
		{497C5129-8527-4C77-AC1A-FBA20530AF30}.Debug|x64.ActiveCfg = Debug|Any CPU
		{497C5129-8527-4C77-AC1A-FBA20530AF30}.Debug|x64.Build.0 = Debug|Any CPU
		{497C5129-8527-4C77-AC1A-FBA20530AF30}.Debug|x86.ActiveCfg = Debug|Any CPU
		{497C5129-8527-4C77-AC1A-FBA20530AF30}.Debug|x86.Build.0 = Debug|Any CPU
		{497C5129-8527-4C77-AC1A-FBA20530AF30}.Release|Any CPU.ActiveCfg = Release|Any CPU
		{497C5129-8527-4C77-AC1A-FBA20530AF30}.Release|Any CPU.Build.0 = Release|Any CPU
		{497C5129-8527-4C77-AC1A-FBA20530AF30}.Release|x64.ActiveCfg = Release|Any CPU
		{497C5129-8527-4C77-AC1A-FBA20530AF30}.Release|x64.Build.0 = Release|Any CPU
		{497C5129-8527-4C77-AC1A-FBA20530AF30}.Release|x86.ActiveCfg = Release|Any CPU
		{497C5129-8527-4C77-AC1A-FBA20530AF30}.Release|x86.Build.0 = Release|Any CPU
		{4E73F949-D345-4C2B-B5CB-49FB76CFF31A}.Debug|Any CPU.ActiveCfg = Debug|Any CPU
		{4E73F949-D345-4C2B-B5CB-49FB76CFF31A}.Debug|Any CPU.Build.0 = Debug|Any CPU
		{4E73F949-D345-4C2B-B5CB-49FB76CFF31A}.Debug|x64.ActiveCfg = Debug|Any CPU
		{4E73F949-D345-4C2B-B5CB-49FB76CFF31A}.Debug|x64.Build.0 = Debug|Any CPU
		{4E73F949-D345-4C2B-B5CB-49FB76CFF31A}.Debug|x86.ActiveCfg = Debug|Any CPU
		{4E73F949-D345-4C2B-B5CB-49FB76CFF31A}.Debug|x86.Build.0 = Debug|Any CPU
		{4E73F949-D345-4C2B-B5CB-49FB76CFF31A}.Release|Any CPU.ActiveCfg = Release|Any CPU
		{4E73F949-D345-4C2B-B5CB-49FB76CFF31A}.Release|Any CPU.Build.0 = Release|Any CPU
		{4E73F949-D345-4C2B-B5CB-49FB76CFF31A}.Release|x64.ActiveCfg = Release|Any CPU
		{4E73F949-D345-4C2B-B5CB-49FB76CFF31A}.Release|x64.Build.0 = Release|Any CPU
		{4E73F949-D345-4C2B-B5CB-49FB76CFF31A}.Release|x86.ActiveCfg = Release|Any CPU
		{4E73F949-D345-4C2B-B5CB-49FB76CFF31A}.Release|x86.Build.0 = Release|Any CPU
		{CC9C03C7-4D29-4C32-9A81-F941DFCBA262}.Debug|Any CPU.ActiveCfg = Debug|Any CPU
		{CC9C03C7-4D29-4C32-9A81-F941DFCBA262}.Debug|Any CPU.Build.0 = Debug|Any CPU
		{CC9C03C7-4D29-4C32-9A81-F941DFCBA262}.Debug|x64.ActiveCfg = Debug|Any CPU
		{CC9C03C7-4D29-4C32-9A81-F941DFCBA262}.Debug|x64.Build.0 = Debug|Any CPU
		{CC9C03C7-4D29-4C32-9A81-F941DFCBA262}.Debug|x86.ActiveCfg = Debug|Any CPU
		{CC9C03C7-4D29-4C32-9A81-F941DFCBA262}.Debug|x86.Build.0 = Debug|Any CPU
		{CC9C03C7-4D29-4C32-9A81-F941DFCBA262}.Release|Any CPU.ActiveCfg = Release|Any CPU
		{CC9C03C7-4D29-4C32-9A81-F941DFCBA262}.Release|Any CPU.Build.0 = Release|Any CPU
		{CC9C03C7-4D29-4C32-9A81-F941DFCBA262}.Release|x64.ActiveCfg = Release|Any CPU
		{CC9C03C7-4D29-4C32-9A81-F941DFCBA262}.Release|x64.Build.0 = Release|Any CPU
		{CC9C03C7-4D29-4C32-9A81-F941DFCBA262}.Release|x86.ActiveCfg = Release|Any CPU
		{CC9C03C7-4D29-4C32-9A81-F941DFCBA262}.Release|x86.Build.0 = Release|Any CPU
		{FF0CC4A6-B462-0A79-1050-FE20D0230E6A}.Debug|Any CPU.ActiveCfg = Debug|Any CPU
		{FF0CC4A6-B462-0A79-1050-FE20D0230E6A}.Debug|Any CPU.Build.0 = Debug|Any CPU
		{FF0CC4A6-B462-0A79-1050-FE20D0230E6A}.Debug|x64.ActiveCfg = Debug|Any CPU
		{FF0CC4A6-B462-0A79-1050-FE20D0230E6A}.Debug|x64.Build.0 = Debug|Any CPU
		{FF0CC4A6-B462-0A79-1050-FE20D0230E6A}.Debug|x86.ActiveCfg = Debug|Any CPU
		{FF0CC4A6-B462-0A79-1050-FE20D0230E6A}.Debug|x86.Build.0 = Debug|Any CPU
		{FF0CC4A6-B462-0A79-1050-FE20D0230E6A}.Release|Any CPU.ActiveCfg = Release|Any CPU
		{FF0CC4A6-B462-0A79-1050-FE20D0230E6A}.Release|Any CPU.Build.0 = Release|Any CPU
		{FF0CC4A6-B462-0A79-1050-FE20D0230E6A}.Release|x64.ActiveCfg = Release|Any CPU
		{FF0CC4A6-B462-0A79-1050-FE20D0230E6A}.Release|x64.Build.0 = Release|Any CPU
		{FF0CC4A6-B462-0A79-1050-FE20D0230E6A}.Release|x86.ActiveCfg = Release|Any CPU
		{FF0CC4A6-B462-0A79-1050-FE20D0230E6A}.Release|x86.Build.0 = Release|Any CPU
		{BED4027C-A47C-0E06-5FC3-73FFD7BA4EFE}.Debug|Any CPU.ActiveCfg = Debug|Any CPU
		{BED4027C-A47C-0E06-5FC3-73FFD7BA4EFE}.Debug|Any CPU.Build.0 = Debug|Any CPU
		{BED4027C-A47C-0E06-5FC3-73FFD7BA4EFE}.Debug|x64.ActiveCfg = Debug|Any CPU
		{BED4027C-A47C-0E06-5FC3-73FFD7BA4EFE}.Debug|x64.Build.0 = Debug|Any CPU
		{BED4027C-A47C-0E06-5FC3-73FFD7BA4EFE}.Debug|x86.ActiveCfg = Debug|Any CPU
		{BED4027C-A47C-0E06-5FC3-73FFD7BA4EFE}.Debug|x86.Build.0 = Debug|Any CPU
		{BED4027C-A47C-0E06-5FC3-73FFD7BA4EFE}.Release|Any CPU.ActiveCfg = Release|Any CPU
		{BED4027C-A47C-0E06-5FC3-73FFD7BA4EFE}.Release|Any CPU.Build.0 = Release|Any CPU
		{BED4027C-A47C-0E06-5FC3-73FFD7BA4EFE}.Release|x64.ActiveCfg = Release|Any CPU
		{BED4027C-A47C-0E06-5FC3-73FFD7BA4EFE}.Release|x64.Build.0 = Release|Any CPU
		{BED4027C-A47C-0E06-5FC3-73FFD7BA4EFE}.Release|x86.ActiveCfg = Release|Any CPU
		{BED4027C-A47C-0E06-5FC3-73FFD7BA4EFE}.Release|x86.Build.0 = Release|Any CPU
		{0CFDD74E-3F53-44DB-F47C-85E1F6255EC7}.Debug|Any CPU.ActiveCfg = Debug|Any CPU
		{0CFDD74E-3F53-44DB-F47C-85E1F6255EC7}.Debug|Any CPU.Build.0 = Debug|Any CPU
		{0CFDD74E-3F53-44DB-F47C-85E1F6255EC7}.Debug|x64.ActiveCfg = Debug|Any CPU
		{0CFDD74E-3F53-44DB-F47C-85E1F6255EC7}.Debug|x64.Build.0 = Debug|Any CPU
		{0CFDD74E-3F53-44DB-F47C-85E1F6255EC7}.Debug|x86.ActiveCfg = Debug|Any CPU
		{0CFDD74E-3F53-44DB-F47C-85E1F6255EC7}.Debug|x86.Build.0 = Debug|Any CPU
		{0CFDD74E-3F53-44DB-F47C-85E1F6255EC7}.Release|Any CPU.ActiveCfg = Release|Any CPU
		{0CFDD74E-3F53-44DB-F47C-85E1F6255EC7}.Release|Any CPU.Build.0 = Release|Any CPU
		{0CFDD74E-3F53-44DB-F47C-85E1F6255EC7}.Release|x64.ActiveCfg = Release|Any CPU
		{0CFDD74E-3F53-44DB-F47C-85E1F6255EC7}.Release|x64.Build.0 = Release|Any CPU
		{0CFDD74E-3F53-44DB-F47C-85E1F6255EC7}.Release|x86.ActiveCfg = Release|Any CPU
		{0CFDD74E-3F53-44DB-F47C-85E1F6255EC7}.Release|x86.Build.0 = Release|Any CPU
		{C2F2AE2C-AEC6-69E3-8AD7-D215B884B9BF}.Debug|Any CPU.ActiveCfg = Debug|Any CPU
		{C2F2AE2C-AEC6-69E3-8AD7-D215B884B9BF}.Debug|Any CPU.Build.0 = Debug|Any CPU
		{C2F2AE2C-AEC6-69E3-8AD7-D215B884B9BF}.Debug|x64.ActiveCfg = Debug|Any CPU
		{C2F2AE2C-AEC6-69E3-8AD7-D215B884B9BF}.Debug|x64.Build.0 = Debug|Any CPU
		{C2F2AE2C-AEC6-69E3-8AD7-D215B884B9BF}.Debug|x86.ActiveCfg = Debug|Any CPU
		{C2F2AE2C-AEC6-69E3-8AD7-D215B884B9BF}.Debug|x86.Build.0 = Debug|Any CPU
		{C2F2AE2C-AEC6-69E3-8AD7-D215B884B9BF}.Release|Any CPU.ActiveCfg = Release|Any CPU
		{C2F2AE2C-AEC6-69E3-8AD7-D215B884B9BF}.Release|Any CPU.Build.0 = Release|Any CPU
		{C2F2AE2C-AEC6-69E3-8AD7-D215B884B9BF}.Release|x64.ActiveCfg = Release|Any CPU
		{C2F2AE2C-AEC6-69E3-8AD7-D215B884B9BF}.Release|x64.Build.0 = Release|Any CPU
		{C2F2AE2C-AEC6-69E3-8AD7-D215B884B9BF}.Release|x86.ActiveCfg = Release|Any CPU
		{C2F2AE2C-AEC6-69E3-8AD7-D215B884B9BF}.Release|x86.Build.0 = Release|Any CPU
		{8099165E-826D-455A-8A0B-C0E5676B1384}.Debug|Any CPU.ActiveCfg = Debug|Any CPU
		{8099165E-826D-455A-8A0B-C0E5676B1384}.Debug|Any CPU.Build.0 = Debug|Any CPU
		{8099165E-826D-455A-8A0B-C0E5676B1384}.Debug|x64.ActiveCfg = Debug|Any CPU
		{8099165E-826D-455A-8A0B-C0E5676B1384}.Debug|x64.Build.0 = Debug|Any CPU
		{8099165E-826D-455A-8A0B-C0E5676B1384}.Debug|x86.ActiveCfg = Debug|Any CPU
		{8099165E-826D-455A-8A0B-C0E5676B1384}.Debug|x86.Build.0 = Debug|Any CPU
		{8099165E-826D-455A-8A0B-C0E5676B1384}.Release|Any CPU.ActiveCfg = Release|Any CPU
		{8099165E-826D-455A-8A0B-C0E5676B1384}.Release|Any CPU.Build.0 = Release|Any CPU
		{8099165E-826D-455A-8A0B-C0E5676B1384}.Release|x64.ActiveCfg = Release|Any CPU
		{8099165E-826D-455A-8A0B-C0E5676B1384}.Release|x64.Build.0 = Release|Any CPU
		{8099165E-826D-455A-8A0B-C0E5676B1384}.Release|x86.ActiveCfg = Release|Any CPU
		{8099165E-826D-455A-8A0B-C0E5676B1384}.Release|x86.Build.0 = Release|Any CPU
		{66462725-1997-4332-A7BA-E693987AE5CE}.Debug|Any CPU.ActiveCfg = Debug|Any CPU
		{66462725-1997-4332-A7BA-E693987AE5CE}.Debug|Any CPU.Build.0 = Debug|Any CPU
		{66462725-1997-4332-A7BA-E693987AE5CE}.Debug|x64.ActiveCfg = Debug|Any CPU
		{66462725-1997-4332-A7BA-E693987AE5CE}.Debug|x64.Build.0 = Debug|Any CPU
		{66462725-1997-4332-A7BA-E693987AE5CE}.Debug|x86.ActiveCfg = Debug|Any CPU
		{66462725-1997-4332-A7BA-E693987AE5CE}.Debug|x86.Build.0 = Debug|Any CPU
		{66462725-1997-4332-A7BA-E693987AE5CE}.Release|Any CPU.ActiveCfg = Release|Any CPU
		{66462725-1997-4332-A7BA-E693987AE5CE}.Release|Any CPU.Build.0 = Release|Any CPU
		{66462725-1997-4332-A7BA-E693987AE5CE}.Release|x64.ActiveCfg = Release|Any CPU
		{66462725-1997-4332-A7BA-E693987AE5CE}.Release|x64.Build.0 = Release|Any CPU
		{66462725-1997-4332-A7BA-E693987AE5CE}.Release|x86.ActiveCfg = Release|Any CPU
		{66462725-1997-4332-A7BA-E693987AE5CE}.Release|x86.Build.0 = Release|Any CPU
		{8590939F-4018-48CD-9434-A112D13ECDE2}.Debug|Any CPU.ActiveCfg = Debug|Any CPU
		{8590939F-4018-48CD-9434-A112D13ECDE2}.Debug|Any CPU.Build.0 = Debug|Any CPU
		{8590939F-4018-48CD-9434-A112D13ECDE2}.Debug|x64.ActiveCfg = Debug|Any CPU
		{8590939F-4018-48CD-9434-A112D13ECDE2}.Debug|x64.Build.0 = Debug|Any CPU
		{8590939F-4018-48CD-9434-A112D13ECDE2}.Debug|x86.ActiveCfg = Debug|Any CPU
		{8590939F-4018-48CD-9434-A112D13ECDE2}.Debug|x86.Build.0 = Debug|Any CPU
		{8590939F-4018-48CD-9434-A112D13ECDE2}.Release|Any CPU.ActiveCfg = Release|Any CPU
		{8590939F-4018-48CD-9434-A112D13ECDE2}.Release|Any CPU.Build.0 = Release|Any CPU
		{8590939F-4018-48CD-9434-A112D13ECDE2}.Release|x64.ActiveCfg = Release|Any CPU
		{8590939F-4018-48CD-9434-A112D13ECDE2}.Release|x64.Build.0 = Release|Any CPU
		{8590939F-4018-48CD-9434-A112D13ECDE2}.Release|x86.ActiveCfg = Release|Any CPU
		{8590939F-4018-48CD-9434-A112D13ECDE2}.Release|x86.Build.0 = Release|Any CPU
		{85CA8F58-E16B-4148-8A8A-E05E564B85E5}.Debug|Any CPU.ActiveCfg = Debug|Any CPU
		{85CA8F58-E16B-4148-8A8A-E05E564B85E5}.Debug|Any CPU.Build.0 = Debug|Any CPU
		{85CA8F58-E16B-4148-8A8A-E05E564B85E5}.Debug|x64.ActiveCfg = Debug|Any CPU
		{85CA8F58-E16B-4148-8A8A-E05E564B85E5}.Debug|x64.Build.0 = Debug|Any CPU
		{85CA8F58-E16B-4148-8A8A-E05E564B85E5}.Debug|x86.ActiveCfg = Debug|Any CPU
		{85CA8F58-E16B-4148-8A8A-E05E564B85E5}.Debug|x86.Build.0 = Debug|Any CPU
		{85CA8F58-E16B-4148-8A8A-E05E564B85E5}.Release|Any CPU.ActiveCfg = Release|Any CPU
		{85CA8F58-E16B-4148-8A8A-E05E564B85E5}.Release|Any CPU.Build.0 = Release|Any CPU
		{85CA8F58-E16B-4148-8A8A-E05E564B85E5}.Release|x64.ActiveCfg = Release|Any CPU
		{85CA8F58-E16B-4148-8A8A-E05E564B85E5}.Release|x64.Build.0 = Release|Any CPU
		{85CA8F58-E16B-4148-8A8A-E05E564B85E5}.Release|x86.ActiveCfg = Release|Any CPU
		{85CA8F58-E16B-4148-8A8A-E05E564B85E5}.Release|x86.Build.0 = Release|Any CPU
		{7F71E15B-E0B4-4FD4-BF2A-B5302F51E762}.Debug|Any CPU.ActiveCfg = Debug|Any CPU
		{7F71E15B-E0B4-4FD4-BF2A-B5302F51E762}.Debug|Any CPU.Build.0 = Debug|Any CPU
		{7F71E15B-E0B4-4FD4-BF2A-B5302F51E762}.Debug|x64.ActiveCfg = Debug|Any CPU
		{7F71E15B-E0B4-4FD4-BF2A-B5302F51E762}.Debug|x64.Build.0 = Debug|Any CPU
		{7F71E15B-E0B4-4FD4-BF2A-B5302F51E762}.Debug|x86.ActiveCfg = Debug|Any CPU
		{7F71E15B-E0B4-4FD4-BF2A-B5302F51E762}.Debug|x86.Build.0 = Debug|Any CPU
		{7F71E15B-E0B4-4FD4-BF2A-B5302F51E762}.Release|Any CPU.ActiveCfg = Release|Any CPU
		{7F71E15B-E0B4-4FD4-BF2A-B5302F51E762}.Release|Any CPU.Build.0 = Release|Any CPU
		{7F71E15B-E0B4-4FD4-BF2A-B5302F51E762}.Release|x64.ActiveCfg = Release|Any CPU
		{7F71E15B-E0B4-4FD4-BF2A-B5302F51E762}.Release|x64.Build.0 = Release|Any CPU
		{7F71E15B-E0B4-4FD4-BF2A-B5302F51E762}.Release|x86.ActiveCfg = Release|Any CPU
		{7F71E15B-E0B4-4FD4-BF2A-B5302F51E762}.Release|x86.Build.0 = Release|Any CPU
		{184A8C07-54DD-4F7B-8837-456EE79FE9A5}.Debug|Any CPU.ActiveCfg = Debug|Any CPU
		{184A8C07-54DD-4F7B-8837-456EE79FE9A5}.Debug|Any CPU.Build.0 = Debug|Any CPU
		{184A8C07-54DD-4F7B-8837-456EE79FE9A5}.Debug|x64.ActiveCfg = Debug|Any CPU
		{184A8C07-54DD-4F7B-8837-456EE79FE9A5}.Debug|x64.Build.0 = Debug|Any CPU
		{184A8C07-54DD-4F7B-8837-456EE79FE9A5}.Debug|x86.ActiveCfg = Debug|Any CPU
		{184A8C07-54DD-4F7B-8837-456EE79FE9A5}.Debug|x86.Build.0 = Debug|Any CPU
		{184A8C07-54DD-4F7B-8837-456EE79FE9A5}.Release|Any CPU.ActiveCfg = Release|Any CPU
		{184A8C07-54DD-4F7B-8837-456EE79FE9A5}.Release|Any CPU.Build.0 = Release|Any CPU
		{184A8C07-54DD-4F7B-8837-456EE79FE9A5}.Release|x64.ActiveCfg = Release|Any CPU
		{184A8C07-54DD-4F7B-8837-456EE79FE9A5}.Release|x64.Build.0 = Release|Any CPU
		{184A8C07-54DD-4F7B-8837-456EE79FE9A5}.Release|x86.ActiveCfg = Release|Any CPU
		{184A8C07-54DD-4F7B-8837-456EE79FE9A5}.Release|x86.Build.0 = Release|Any CPU
		{54555FC6-20FD-4C25-B576-75A487D7E967}.Debug|Any CPU.ActiveCfg = Debug|Any CPU
		{54555FC6-20FD-4C25-B576-75A487D7E967}.Debug|Any CPU.Build.0 = Debug|Any CPU
		{54555FC6-20FD-4C25-B576-75A487D7E967}.Debug|x64.ActiveCfg = Debug|Any CPU
		{54555FC6-20FD-4C25-B576-75A487D7E967}.Debug|x64.Build.0 = Debug|Any CPU
		{54555FC6-20FD-4C25-B576-75A487D7E967}.Debug|x86.ActiveCfg = Debug|Any CPU
		{54555FC6-20FD-4C25-B576-75A487D7E967}.Debug|x86.Build.0 = Debug|Any CPU
		{54555FC6-20FD-4C25-B576-75A487D7E967}.Release|Any CPU.ActiveCfg = Release|Any CPU
		{54555FC6-20FD-4C25-B576-75A487D7E967}.Release|Any CPU.Build.0 = Release|Any CPU
		{54555FC6-20FD-4C25-B576-75A487D7E967}.Release|x64.ActiveCfg = Release|Any CPU
		{54555FC6-20FD-4C25-B576-75A487D7E967}.Release|x64.Build.0 = Release|Any CPU
		{54555FC6-20FD-4C25-B576-75A487D7E967}.Release|x86.ActiveCfg = Release|Any CPU
		{54555FC6-20FD-4C25-B576-75A487D7E967}.Release|x86.Build.0 = Release|Any CPU
		{211AD5F3-C6D4-4F11-9CF3-C3E6E40F3897}.Debug|Any CPU.ActiveCfg = Debug|Any CPU
		{211AD5F3-C6D4-4F11-9CF3-C3E6E40F3897}.Debug|Any CPU.Build.0 = Debug|Any CPU
		{211AD5F3-C6D4-4F11-9CF3-C3E6E40F3897}.Debug|x64.ActiveCfg = Debug|Any CPU
		{211AD5F3-C6D4-4F11-9CF3-C3E6E40F3897}.Debug|x64.Build.0 = Debug|Any CPU
		{211AD5F3-C6D4-4F11-9CF3-C3E6E40F3897}.Debug|x86.ActiveCfg = Debug|Any CPU
		{211AD5F3-C6D4-4F11-9CF3-C3E6E40F3897}.Debug|x86.Build.0 = Debug|Any CPU
		{211AD5F3-C6D4-4F11-9CF3-C3E6E40F3897}.Release|Any CPU.ActiveCfg = Release|Any CPU
		{211AD5F3-C6D4-4F11-9CF3-C3E6E40F3897}.Release|Any CPU.Build.0 = Release|Any CPU
		{211AD5F3-C6D4-4F11-9CF3-C3E6E40F3897}.Release|x64.ActiveCfg = Release|Any CPU
		{211AD5F3-C6D4-4F11-9CF3-C3E6E40F3897}.Release|x64.Build.0 = Release|Any CPU
		{211AD5F3-C6D4-4F11-9CF3-C3E6E40F3897}.Release|x86.ActiveCfg = Release|Any CPU
		{211AD5F3-C6D4-4F11-9CF3-C3E6E40F3897}.Release|x86.Build.0 = Release|Any CPU
		{08B6E9BD-B7CF-4C8A-B443-39D43C4F1F6D}.Debug|Any CPU.ActiveCfg = Debug|Any CPU
		{08B6E9BD-B7CF-4C8A-B443-39D43C4F1F6D}.Debug|Any CPU.Build.0 = Debug|Any CPU
		{08B6E9BD-B7CF-4C8A-B443-39D43C4F1F6D}.Debug|x64.ActiveCfg = Debug|Any CPU
		{08B6E9BD-B7CF-4C8A-B443-39D43C4F1F6D}.Debug|x64.Build.0 = Debug|Any CPU
		{08B6E9BD-B7CF-4C8A-B443-39D43C4F1F6D}.Debug|x86.ActiveCfg = Debug|Any CPU
		{08B6E9BD-B7CF-4C8A-B443-39D43C4F1F6D}.Debug|x86.Build.0 = Debug|Any CPU
		{08B6E9BD-B7CF-4C8A-B443-39D43C4F1F6D}.Release|Any CPU.ActiveCfg = Release|Any CPU
		{08B6E9BD-B7CF-4C8A-B443-39D43C4F1F6D}.Release|Any CPU.Build.0 = Release|Any CPU
		{08B6E9BD-B7CF-4C8A-B443-39D43C4F1F6D}.Release|x64.ActiveCfg = Release|Any CPU
		{08B6E9BD-B7CF-4C8A-B443-39D43C4F1F6D}.Release|x64.Build.0 = Release|Any CPU
		{08B6E9BD-B7CF-4C8A-B443-39D43C4F1F6D}.Release|x86.ActiveCfg = Release|Any CPU
		{08B6E9BD-B7CF-4C8A-B443-39D43C4F1F6D}.Release|x86.Build.0 = Release|Any CPU
		{9654A80C-F714-4391-9180-9A35E98CC3B2}.Debug|Any CPU.ActiveCfg = Debug|Any CPU
		{9654A80C-F714-4391-9180-9A35E98CC3B2}.Debug|Any CPU.Build.0 = Debug|Any CPU
		{9654A80C-F714-4391-9180-9A35E98CC3B2}.Debug|x64.ActiveCfg = Debug|Any CPU
		{9654A80C-F714-4391-9180-9A35E98CC3B2}.Debug|x64.Build.0 = Debug|Any CPU
		{9654A80C-F714-4391-9180-9A35E98CC3B2}.Debug|x86.ActiveCfg = Debug|Any CPU
		{9654A80C-F714-4391-9180-9A35E98CC3B2}.Debug|x86.Build.0 = Debug|Any CPU
		{9654A80C-F714-4391-9180-9A35E98CC3B2}.Release|Any CPU.ActiveCfg = Release|Any CPU
		{9654A80C-F714-4391-9180-9A35E98CC3B2}.Release|Any CPU.Build.0 = Release|Any CPU
		{9654A80C-F714-4391-9180-9A35E98CC3B2}.Release|x64.ActiveCfg = Release|Any CPU
		{9654A80C-F714-4391-9180-9A35E98CC3B2}.Release|x64.Build.0 = Release|Any CPU
		{9654A80C-F714-4391-9180-9A35E98CC3B2}.Release|x86.ActiveCfg = Release|Any CPU
		{9654A80C-F714-4391-9180-9A35E98CC3B2}.Release|x86.Build.0 = Release|Any CPU
		{CD14BAF6-1FF9-4899-8F7F-C4766629D6A4}.Debug|Any CPU.ActiveCfg = Debug|Any CPU
		{CD14BAF6-1FF9-4899-8F7F-C4766629D6A4}.Debug|Any CPU.Build.0 = Debug|Any CPU
		{CD14BAF6-1FF9-4899-8F7F-C4766629D6A4}.Debug|x64.ActiveCfg = Debug|Any CPU
		{CD14BAF6-1FF9-4899-8F7F-C4766629D6A4}.Debug|x64.Build.0 = Debug|Any CPU
		{CD14BAF6-1FF9-4899-8F7F-C4766629D6A4}.Debug|x86.ActiveCfg = Debug|Any CPU
		{CD14BAF6-1FF9-4899-8F7F-C4766629D6A4}.Debug|x86.Build.0 = Debug|Any CPU
		{CD14BAF6-1FF9-4899-8F7F-C4766629D6A4}.Release|Any CPU.ActiveCfg = Release|Any CPU
		{CD14BAF6-1FF9-4899-8F7F-C4766629D6A4}.Release|Any CPU.Build.0 = Release|Any CPU
		{CD14BAF6-1FF9-4899-8F7F-C4766629D6A4}.Release|x64.ActiveCfg = Release|Any CPU
		{CD14BAF6-1FF9-4899-8F7F-C4766629D6A4}.Release|x64.Build.0 = Release|Any CPU
		{CD14BAF6-1FF9-4899-8F7F-C4766629D6A4}.Release|x86.ActiveCfg = Release|Any CPU
		{CD14BAF6-1FF9-4899-8F7F-C4766629D6A4}.Release|x86.Build.0 = Release|Any CPU
		{F44EBDAF-8A28-49AE-9932-75D35F053BC6}.Debug|Any CPU.ActiveCfg = Debug|Any CPU
		{F44EBDAF-8A28-49AE-9932-75D35F053BC6}.Debug|Any CPU.Build.0 = Debug|Any CPU
		{F44EBDAF-8A28-49AE-9932-75D35F053BC6}.Debug|x64.ActiveCfg = Debug|Any CPU
		{F44EBDAF-8A28-49AE-9932-75D35F053BC6}.Debug|x64.Build.0 = Debug|Any CPU
		{F44EBDAF-8A28-49AE-9932-75D35F053BC6}.Debug|x86.ActiveCfg = Debug|Any CPU
		{F44EBDAF-8A28-49AE-9932-75D35F053BC6}.Debug|x86.Build.0 = Debug|Any CPU
		{F44EBDAF-8A28-49AE-9932-75D35F053BC6}.Release|Any CPU.ActiveCfg = Release|Any CPU
		{F44EBDAF-8A28-49AE-9932-75D35F053BC6}.Release|Any CPU.Build.0 = Release|Any CPU
		{F44EBDAF-8A28-49AE-9932-75D35F053BC6}.Release|x64.ActiveCfg = Release|Any CPU
		{F44EBDAF-8A28-49AE-9932-75D35F053BC6}.Release|x64.Build.0 = Release|Any CPU
		{F44EBDAF-8A28-49AE-9932-75D35F053BC6}.Release|x86.ActiveCfg = Release|Any CPU
		{F44EBDAF-8A28-49AE-9932-75D35F053BC6}.Release|x86.Build.0 = Release|Any CPU
		{69FE5A91-FD52-4D5E-9118-FD95F15F1A37}.Debug|Any CPU.ActiveCfg = Debug|Any CPU
		{69FE5A91-FD52-4D5E-9118-FD95F15F1A37}.Debug|Any CPU.Build.0 = Debug|Any CPU
		{69FE5A91-FD52-4D5E-9118-FD95F15F1A37}.Debug|x64.ActiveCfg = Debug|Any CPU
		{69FE5A91-FD52-4D5E-9118-FD95F15F1A37}.Debug|x64.Build.0 = Debug|Any CPU
		{69FE5A91-FD52-4D5E-9118-FD95F15F1A37}.Debug|x86.ActiveCfg = Debug|Any CPU
		{69FE5A91-FD52-4D5E-9118-FD95F15F1A37}.Debug|x86.Build.0 = Debug|Any CPU
		{69FE5A91-FD52-4D5E-9118-FD95F15F1A37}.Release|Any CPU.ActiveCfg = Release|Any CPU
		{69FE5A91-FD52-4D5E-9118-FD95F15F1A37}.Release|Any CPU.Build.0 = Release|Any CPU
		{69FE5A91-FD52-4D5E-9118-FD95F15F1A37}.Release|x64.ActiveCfg = Release|Any CPU
		{69FE5A91-FD52-4D5E-9118-FD95F15F1A37}.Release|x64.Build.0 = Release|Any CPU
		{69FE5A91-FD52-4D5E-9118-FD95F15F1A37}.Release|x86.ActiveCfg = Release|Any CPU
		{69FE5A91-FD52-4D5E-9118-FD95F15F1A37}.Release|x86.Build.0 = Release|Any CPU
		{18CABCB0-BD5F-4EEC-A537-BE96E0384FF0}.Debug|Any CPU.ActiveCfg = Debug|Any CPU
		{18CABCB0-BD5F-4EEC-A537-BE96E0384FF0}.Debug|Any CPU.Build.0 = Debug|Any CPU
		{18CABCB0-BD5F-4EEC-A537-BE96E0384FF0}.Debug|x64.ActiveCfg = Debug|Any CPU
		{18CABCB0-BD5F-4EEC-A537-BE96E0384FF0}.Debug|x64.Build.0 = Debug|Any CPU
		{18CABCB0-BD5F-4EEC-A537-BE96E0384FF0}.Debug|x86.ActiveCfg = Debug|Any CPU
		{18CABCB0-BD5F-4EEC-A537-BE96E0384FF0}.Debug|x86.Build.0 = Debug|Any CPU
		{18CABCB0-BD5F-4EEC-A537-BE96E0384FF0}.Release|Any CPU.ActiveCfg = Release|Any CPU
		{18CABCB0-BD5F-4EEC-A537-BE96E0384FF0}.Release|Any CPU.Build.0 = Release|Any CPU
		{18CABCB0-BD5F-4EEC-A537-BE96E0384FF0}.Release|x64.ActiveCfg = Release|Any CPU
		{18CABCB0-BD5F-4EEC-A537-BE96E0384FF0}.Release|x64.Build.0 = Release|Any CPU
		{18CABCB0-BD5F-4EEC-A537-BE96E0384FF0}.Release|x86.ActiveCfg = Release|Any CPU
		{18CABCB0-BD5F-4EEC-A537-BE96E0384FF0}.Release|x86.Build.0 = Release|Any CPU
		{CC81915F-8ED4-4628-83CF-37DE27FCF7E8}.Debug|Any CPU.ActiveCfg = Debug|Any CPU
		{CC81915F-8ED4-4628-83CF-37DE27FCF7E8}.Debug|Any CPU.Build.0 = Debug|Any CPU
		{CC81915F-8ED4-4628-83CF-37DE27FCF7E8}.Debug|x64.ActiveCfg = Debug|Any CPU
		{CC81915F-8ED4-4628-83CF-37DE27FCF7E8}.Debug|x64.Build.0 = Debug|Any CPU
		{CC81915F-8ED4-4628-83CF-37DE27FCF7E8}.Debug|x86.ActiveCfg = Debug|Any CPU
		{CC81915F-8ED4-4628-83CF-37DE27FCF7E8}.Debug|x86.Build.0 = Debug|Any CPU
		{CC81915F-8ED4-4628-83CF-37DE27FCF7E8}.Release|Any CPU.ActiveCfg = Release|Any CPU
		{CC81915F-8ED4-4628-83CF-37DE27FCF7E8}.Release|Any CPU.Build.0 = Release|Any CPU
		{CC81915F-8ED4-4628-83CF-37DE27FCF7E8}.Release|x64.ActiveCfg = Release|Any CPU
		{CC81915F-8ED4-4628-83CF-37DE27FCF7E8}.Release|x64.Build.0 = Release|Any CPU
		{CC81915F-8ED4-4628-83CF-37DE27FCF7E8}.Release|x86.ActiveCfg = Release|Any CPU
		{CC81915F-8ED4-4628-83CF-37DE27FCF7E8}.Release|x86.Build.0 = Release|Any CPU
		{32466F05-DDFD-441C-9AA1-AAA759F82BBB}.Debug|Any CPU.ActiveCfg = Debug|Any CPU
		{32466F05-DDFD-441C-9AA1-AAA759F82BBB}.Debug|Any CPU.Build.0 = Debug|Any CPU
		{32466F05-DDFD-441C-9AA1-AAA759F82BBB}.Debug|x64.ActiveCfg = Debug|Any CPU
		{32466F05-DDFD-441C-9AA1-AAA759F82BBB}.Debug|x64.Build.0 = Debug|Any CPU
		{32466F05-DDFD-441C-9AA1-AAA759F82BBB}.Debug|x86.ActiveCfg = Debug|Any CPU
		{32466F05-DDFD-441C-9AA1-AAA759F82BBB}.Debug|x86.Build.0 = Debug|Any CPU
		{32466F05-DDFD-441C-9AA1-AAA759F82BBB}.Release|Any CPU.ActiveCfg = Release|Any CPU
		{32466F05-DDFD-441C-9AA1-AAA759F82BBB}.Release|Any CPU.Build.0 = Release|Any CPU
		{32466F05-DDFD-441C-9AA1-AAA759F82BBB}.Release|x64.ActiveCfg = Release|Any CPU
		{32466F05-DDFD-441C-9AA1-AAA759F82BBB}.Release|x64.Build.0 = Release|Any CPU
		{32466F05-DDFD-441C-9AA1-AAA759F82BBB}.Release|x86.ActiveCfg = Release|Any CPU
		{32466F05-DDFD-441C-9AA1-AAA759F82BBB}.Release|x86.Build.0 = Release|Any CPU
		{B00120F1-A1CA-4E82-8E46-3E4F9554177A}.Debug|Any CPU.ActiveCfg = Debug|Any CPU
		{B00120F1-A1CA-4E82-8E46-3E4F9554177A}.Debug|Any CPU.Build.0 = Debug|Any CPU
		{B00120F1-A1CA-4E82-8E46-3E4F9554177A}.Debug|x64.ActiveCfg = Debug|Any CPU
		{B00120F1-A1CA-4E82-8E46-3E4F9554177A}.Debug|x64.Build.0 = Debug|Any CPU
		{B00120F1-A1CA-4E82-8E46-3E4F9554177A}.Debug|x86.ActiveCfg = Debug|Any CPU
		{B00120F1-A1CA-4E82-8E46-3E4F9554177A}.Debug|x86.Build.0 = Debug|Any CPU
		{B00120F1-A1CA-4E82-8E46-3E4F9554177A}.Release|Any CPU.ActiveCfg = Release|Any CPU
		{B00120F1-A1CA-4E82-8E46-3E4F9554177A}.Release|Any CPU.Build.0 = Release|Any CPU
		{B00120F1-A1CA-4E82-8E46-3E4F9554177A}.Release|x64.ActiveCfg = Release|Any CPU
		{B00120F1-A1CA-4E82-8E46-3E4F9554177A}.Release|x64.Build.0 = Release|Any CPU
		{B00120F1-A1CA-4E82-8E46-3E4F9554177A}.Release|x86.ActiveCfg = Release|Any CPU
		{B00120F1-A1CA-4E82-8E46-3E4F9554177A}.Release|x86.Build.0 = Release|Any CPU
		{09093F96-DE20-428C-8BE8-EE47E2FE6A2A}.Debug|Any CPU.ActiveCfg = Debug|Any CPU
		{09093F96-DE20-428C-8BE8-EE47E2FE6A2A}.Debug|Any CPU.Build.0 = Debug|Any CPU
		{09093F96-DE20-428C-8BE8-EE47E2FE6A2A}.Debug|x64.ActiveCfg = Debug|Any CPU
		{09093F96-DE20-428C-8BE8-EE47E2FE6A2A}.Debug|x64.Build.0 = Debug|Any CPU
		{09093F96-DE20-428C-8BE8-EE47E2FE6A2A}.Debug|x86.ActiveCfg = Debug|Any CPU
		{09093F96-DE20-428C-8BE8-EE47E2FE6A2A}.Debug|x86.Build.0 = Debug|Any CPU
		{09093F96-DE20-428C-8BE8-EE47E2FE6A2A}.Release|Any CPU.ActiveCfg = Release|Any CPU
		{09093F96-DE20-428C-8BE8-EE47E2FE6A2A}.Release|Any CPU.Build.0 = Release|Any CPU
		{09093F96-DE20-428C-8BE8-EE47E2FE6A2A}.Release|x64.ActiveCfg = Release|Any CPU
		{09093F96-DE20-428C-8BE8-EE47E2FE6A2A}.Release|x64.Build.0 = Release|Any CPU
		{09093F96-DE20-428C-8BE8-EE47E2FE6A2A}.Release|x86.ActiveCfg = Release|Any CPU
		{09093F96-DE20-428C-8BE8-EE47E2FE6A2A}.Release|x86.Build.0 = Release|Any CPU
		{629A099B-19FC-447C-B2D0-1655787BC7C7}.Debug|Any CPU.ActiveCfg = Debug|Any CPU
		{629A099B-19FC-447C-B2D0-1655787BC7C7}.Debug|Any CPU.Build.0 = Debug|Any CPU
		{629A099B-19FC-447C-B2D0-1655787BC7C7}.Debug|x64.ActiveCfg = Debug|Any CPU
		{629A099B-19FC-447C-B2D0-1655787BC7C7}.Debug|x64.Build.0 = Debug|Any CPU
		{629A099B-19FC-447C-B2D0-1655787BC7C7}.Debug|x86.ActiveCfg = Debug|Any CPU
		{629A099B-19FC-447C-B2D0-1655787BC7C7}.Debug|x86.Build.0 = Debug|Any CPU
		{629A099B-19FC-447C-B2D0-1655787BC7C7}.Release|Any CPU.ActiveCfg = Release|Any CPU
		{629A099B-19FC-447C-B2D0-1655787BC7C7}.Release|Any CPU.Build.0 = Release|Any CPU
		{629A099B-19FC-447C-B2D0-1655787BC7C7}.Release|x64.ActiveCfg = Release|Any CPU
		{629A099B-19FC-447C-B2D0-1655787BC7C7}.Release|x64.Build.0 = Release|Any CPU
		{629A099B-19FC-447C-B2D0-1655787BC7C7}.Release|x86.ActiveCfg = Release|Any CPU
		{629A099B-19FC-447C-B2D0-1655787BC7C7}.Release|x86.Build.0 = Release|Any CPU
		{66B37E60-EA20-4E9B-B686-AA000174D187}.Debug|Any CPU.ActiveCfg = Debug|Any CPU
		{66B37E60-EA20-4E9B-B686-AA000174D187}.Debug|Any CPU.Build.0 = Debug|Any CPU
		{66B37E60-EA20-4E9B-B686-AA000174D187}.Debug|x64.ActiveCfg = Debug|Any CPU
		{66B37E60-EA20-4E9B-B686-AA000174D187}.Debug|x64.Build.0 = Debug|Any CPU
		{66B37E60-EA20-4E9B-B686-AA000174D187}.Debug|x86.ActiveCfg = Debug|Any CPU
		{66B37E60-EA20-4E9B-B686-AA000174D187}.Debug|x86.Build.0 = Debug|Any CPU
		{66B37E60-EA20-4E9B-B686-AA000174D187}.Release|Any CPU.ActiveCfg = Release|Any CPU
		{66B37E60-EA20-4E9B-B686-AA000174D187}.Release|Any CPU.Build.0 = Release|Any CPU
		{66B37E60-EA20-4E9B-B686-AA000174D187}.Release|x64.ActiveCfg = Release|Any CPU
		{66B37E60-EA20-4E9B-B686-AA000174D187}.Release|x64.Build.0 = Release|Any CPU
		{66B37E60-EA20-4E9B-B686-AA000174D187}.Release|x86.ActiveCfg = Release|Any CPU
		{66B37E60-EA20-4E9B-B686-AA000174D187}.Release|x86.Build.0 = Release|Any CPU
		{EF5F055A-09E3-4C4C-AC86-7589707D8633}.Debug|Any CPU.ActiveCfg = Debug|Any CPU
		{EF5F055A-09E3-4C4C-AC86-7589707D8633}.Debug|Any CPU.Build.0 = Debug|Any CPU
		{EF5F055A-09E3-4C4C-AC86-7589707D8633}.Debug|x64.ActiveCfg = Debug|Any CPU
		{EF5F055A-09E3-4C4C-AC86-7589707D8633}.Debug|x64.Build.0 = Debug|Any CPU
		{EF5F055A-09E3-4C4C-AC86-7589707D8633}.Debug|x86.ActiveCfg = Debug|Any CPU
		{EF5F055A-09E3-4C4C-AC86-7589707D8633}.Debug|x86.Build.0 = Debug|Any CPU
		{EF5F055A-09E3-4C4C-AC86-7589707D8633}.Release|Any CPU.ActiveCfg = Release|Any CPU
		{EF5F055A-09E3-4C4C-AC86-7589707D8633}.Release|Any CPU.Build.0 = Release|Any CPU
		{EF5F055A-09E3-4C4C-AC86-7589707D8633}.Release|x64.ActiveCfg = Release|Any CPU
		{EF5F055A-09E3-4C4C-AC86-7589707D8633}.Release|x64.Build.0 = Release|Any CPU
		{EF5F055A-09E3-4C4C-AC86-7589707D8633}.Release|x86.ActiveCfg = Release|Any CPU
		{EF5F055A-09E3-4C4C-AC86-7589707D8633}.Release|x86.Build.0 = Release|Any CPU
		{09557C87-E964-4DC2-B72A-CFE46FCF2943}.Debug|Any CPU.ActiveCfg = Debug|Any CPU
		{09557C87-E964-4DC2-B72A-CFE46FCF2943}.Debug|Any CPU.Build.0 = Debug|Any CPU
		{09557C87-E964-4DC2-B72A-CFE46FCF2943}.Debug|x64.ActiveCfg = Debug|Any CPU
		{09557C87-E964-4DC2-B72A-CFE46FCF2943}.Debug|x64.Build.0 = Debug|Any CPU
		{09557C87-E964-4DC2-B72A-CFE46FCF2943}.Debug|x86.ActiveCfg = Debug|Any CPU
		{09557C87-E964-4DC2-B72A-CFE46FCF2943}.Debug|x86.Build.0 = Debug|Any CPU
		{09557C87-E964-4DC2-B72A-CFE46FCF2943}.Release|Any CPU.ActiveCfg = Release|Any CPU
		{09557C87-E964-4DC2-B72A-CFE46FCF2943}.Release|Any CPU.Build.0 = Release|Any CPU
		{09557C87-E964-4DC2-B72A-CFE46FCF2943}.Release|x64.ActiveCfg = Release|Any CPU
		{09557C87-E964-4DC2-B72A-CFE46FCF2943}.Release|x64.Build.0 = Release|Any CPU
		{09557C87-E964-4DC2-B72A-CFE46FCF2943}.Release|x86.ActiveCfg = Release|Any CPU
		{09557C87-E964-4DC2-B72A-CFE46FCF2943}.Release|x86.Build.0 = Release|Any CPU
		{5C259508-AB1D-4745-AAD5-CE38E902B424}.Debug|Any CPU.ActiveCfg = Debug|Any CPU
		{5C259508-AB1D-4745-AAD5-CE38E902B424}.Debug|Any CPU.Build.0 = Debug|Any CPU
		{5C259508-AB1D-4745-AAD5-CE38E902B424}.Debug|x64.ActiveCfg = Debug|Any CPU
		{5C259508-AB1D-4745-AAD5-CE38E902B424}.Debug|x64.Build.0 = Debug|Any CPU
		{5C259508-AB1D-4745-AAD5-CE38E902B424}.Debug|x86.ActiveCfg = Debug|Any CPU
		{5C259508-AB1D-4745-AAD5-CE38E902B424}.Debug|x86.Build.0 = Debug|Any CPU
		{5C259508-AB1D-4745-AAD5-CE38E902B424}.Release|Any CPU.ActiveCfg = Release|Any CPU
		{5C259508-AB1D-4745-AAD5-CE38E902B424}.Release|Any CPU.Build.0 = Release|Any CPU
		{5C259508-AB1D-4745-AAD5-CE38E902B424}.Release|x64.ActiveCfg = Release|Any CPU
		{5C259508-AB1D-4745-AAD5-CE38E902B424}.Release|x64.Build.0 = Release|Any CPU
		{5C259508-AB1D-4745-AAD5-CE38E902B424}.Release|x86.ActiveCfg = Release|Any CPU
		{5C259508-AB1D-4745-AAD5-CE38E902B424}.Release|x86.Build.0 = Release|Any CPU
		{4C2AE286-E774-4611-ACD4-C2640B97E0E8}.Debug|Any CPU.ActiveCfg = Debug|Any CPU
		{4C2AE286-E774-4611-ACD4-C2640B97E0E8}.Debug|Any CPU.Build.0 = Debug|Any CPU
		{4C2AE286-E774-4611-ACD4-C2640B97E0E8}.Debug|x64.ActiveCfg = Debug|Any CPU
		{4C2AE286-E774-4611-ACD4-C2640B97E0E8}.Debug|x64.Build.0 = Debug|Any CPU
		{4C2AE286-E774-4611-ACD4-C2640B97E0E8}.Debug|x86.ActiveCfg = Debug|Any CPU
		{4C2AE286-E774-4611-ACD4-C2640B97E0E8}.Debug|x86.Build.0 = Debug|Any CPU
		{4C2AE286-E774-4611-ACD4-C2640B97E0E8}.Release|Any CPU.ActiveCfg = Release|Any CPU
		{4C2AE286-E774-4611-ACD4-C2640B97E0E8}.Release|Any CPU.Build.0 = Release|Any CPU
		{4C2AE286-E774-4611-ACD4-C2640B97E0E8}.Release|x64.ActiveCfg = Release|Any CPU
		{4C2AE286-E774-4611-ACD4-C2640B97E0E8}.Release|x64.Build.0 = Release|Any CPU
		{4C2AE286-E774-4611-ACD4-C2640B97E0E8}.Release|x86.ActiveCfg = Release|Any CPU
		{4C2AE286-E774-4611-ACD4-C2640B97E0E8}.Release|x86.Build.0 = Release|Any CPU
		{8A94C5AE-63D6-4CE3-9A01-7CE346DBBAD7}.Debug|Any CPU.ActiveCfg = Debug|Any CPU
		{8A94C5AE-63D6-4CE3-9A01-7CE346DBBAD7}.Debug|Any CPU.Build.0 = Debug|Any CPU
		{8A94C5AE-63D6-4CE3-9A01-7CE346DBBAD7}.Debug|x64.ActiveCfg = Debug|Any CPU
		{8A94C5AE-63D6-4CE3-9A01-7CE346DBBAD7}.Debug|x64.Build.0 = Debug|Any CPU
		{8A94C5AE-63D6-4CE3-9A01-7CE346DBBAD7}.Debug|x86.ActiveCfg = Debug|Any CPU
		{8A94C5AE-63D6-4CE3-9A01-7CE346DBBAD7}.Debug|x86.Build.0 = Debug|Any CPU
		{8A94C5AE-63D6-4CE3-9A01-7CE346DBBAD7}.Release|Any CPU.ActiveCfg = Release|Any CPU
		{8A94C5AE-63D6-4CE3-9A01-7CE346DBBAD7}.Release|Any CPU.Build.0 = Release|Any CPU
		{8A94C5AE-63D6-4CE3-9A01-7CE346DBBAD7}.Release|x64.ActiveCfg = Release|Any CPU
		{8A94C5AE-63D6-4CE3-9A01-7CE346DBBAD7}.Release|x64.Build.0 = Release|Any CPU
		{8A94C5AE-63D6-4CE3-9A01-7CE346DBBAD7}.Release|x86.ActiveCfg = Release|Any CPU
		{8A94C5AE-63D6-4CE3-9A01-7CE346DBBAD7}.Release|x86.Build.0 = Release|Any CPU
		{D50D2EE2-61BB-4A9F-B02E-BE680DECAF7D}.Debug|Any CPU.ActiveCfg = Debug|Any CPU
		{D50D2EE2-61BB-4A9F-B02E-BE680DECAF7D}.Debug|Any CPU.Build.0 = Debug|Any CPU
		{D50D2EE2-61BB-4A9F-B02E-BE680DECAF7D}.Debug|x64.ActiveCfg = Debug|Any CPU
		{D50D2EE2-61BB-4A9F-B02E-BE680DECAF7D}.Debug|x64.Build.0 = Debug|Any CPU
		{D50D2EE2-61BB-4A9F-B02E-BE680DECAF7D}.Debug|x86.ActiveCfg = Debug|Any CPU
		{D50D2EE2-61BB-4A9F-B02E-BE680DECAF7D}.Debug|x86.Build.0 = Debug|Any CPU
		{D50D2EE2-61BB-4A9F-B02E-BE680DECAF7D}.Release|Any CPU.ActiveCfg = Release|Any CPU
		{D50D2EE2-61BB-4A9F-B02E-BE680DECAF7D}.Release|Any CPU.Build.0 = Release|Any CPU
		{D50D2EE2-61BB-4A9F-B02E-BE680DECAF7D}.Release|x64.ActiveCfg = Release|Any CPU
		{D50D2EE2-61BB-4A9F-B02E-BE680DECAF7D}.Release|x64.Build.0 = Release|Any CPU
		{D50D2EE2-61BB-4A9F-B02E-BE680DECAF7D}.Release|x86.ActiveCfg = Release|Any CPU
		{D50D2EE2-61BB-4A9F-B02E-BE680DECAF7D}.Release|x86.Build.0 = Release|Any CPU
		{3991964D-3E89-432D-A63F-5708CCBA25A2}.Debug|Any CPU.ActiveCfg = Debug|Any CPU
		{3991964D-3E89-432D-A63F-5708CCBA25A2}.Debug|Any CPU.Build.0 = Debug|Any CPU
		{3991964D-3E89-432D-A63F-5708CCBA25A2}.Debug|x64.ActiveCfg = Debug|Any CPU
		{3991964D-3E89-432D-A63F-5708CCBA25A2}.Debug|x64.Build.0 = Debug|Any CPU
		{3991964D-3E89-432D-A63F-5708CCBA25A2}.Debug|x86.ActiveCfg = Debug|Any CPU
		{3991964D-3E89-432D-A63F-5708CCBA25A2}.Debug|x86.Build.0 = Debug|Any CPU
		{3991964D-3E89-432D-A63F-5708CCBA25A2}.Release|Any CPU.ActiveCfg = Release|Any CPU
		{3991964D-3E89-432D-A63F-5708CCBA25A2}.Release|Any CPU.Build.0 = Release|Any CPU
		{3991964D-3E89-432D-A63F-5708CCBA25A2}.Release|x64.ActiveCfg = Release|Any CPU
		{3991964D-3E89-432D-A63F-5708CCBA25A2}.Release|x64.Build.0 = Release|Any CPU
		{3991964D-3E89-432D-A63F-5708CCBA25A2}.Release|x86.ActiveCfg = Release|Any CPU
		{3991964D-3E89-432D-A63F-5708CCBA25A2}.Release|x86.Build.0 = Release|Any CPU
		{F0D466C2-71AB-4E21-9026-5B3C7DB166C9}.Debug|Any CPU.ActiveCfg = Debug|Any CPU
		{F0D466C2-71AB-4E21-9026-5B3C7DB166C9}.Debug|Any CPU.Build.0 = Debug|Any CPU
		{F0D466C2-71AB-4E21-9026-5B3C7DB166C9}.Debug|x64.ActiveCfg = Debug|Any CPU
		{F0D466C2-71AB-4E21-9026-5B3C7DB166C9}.Debug|x64.Build.0 = Debug|Any CPU
		{F0D466C2-71AB-4E21-9026-5B3C7DB166C9}.Debug|x86.ActiveCfg = Debug|Any CPU
		{F0D466C2-71AB-4E21-9026-5B3C7DB166C9}.Debug|x86.Build.0 = Debug|Any CPU
		{F0D466C2-71AB-4E21-9026-5B3C7DB166C9}.Release|Any CPU.ActiveCfg = Release|Any CPU
		{F0D466C2-71AB-4E21-9026-5B3C7DB166C9}.Release|Any CPU.Build.0 = Release|Any CPU
		{F0D466C2-71AB-4E21-9026-5B3C7DB166C9}.Release|x64.ActiveCfg = Release|Any CPU
		{F0D466C2-71AB-4E21-9026-5B3C7DB166C9}.Release|x64.Build.0 = Release|Any CPU
		{F0D466C2-71AB-4E21-9026-5B3C7DB166C9}.Release|x86.ActiveCfg = Release|Any CPU
		{F0D466C2-71AB-4E21-9026-5B3C7DB166C9}.Release|x86.Build.0 = Release|Any CPU
		{57E677D8-00AD-400C-A944-4F344788A073}.Debug|Any CPU.ActiveCfg = Debug|Any CPU
		{57E677D8-00AD-400C-A944-4F344788A073}.Debug|Any CPU.Build.0 = Debug|Any CPU
		{57E677D8-00AD-400C-A944-4F344788A073}.Debug|x64.ActiveCfg = Debug|Any CPU
		{57E677D8-00AD-400C-A944-4F344788A073}.Debug|x64.Build.0 = Debug|Any CPU
		{57E677D8-00AD-400C-A944-4F344788A073}.Debug|x86.ActiveCfg = Debug|Any CPU
		{57E677D8-00AD-400C-A944-4F344788A073}.Debug|x86.Build.0 = Debug|Any CPU
		{57E677D8-00AD-400C-A944-4F344788A073}.Release|Any CPU.ActiveCfg = Release|Any CPU
		{57E677D8-00AD-400C-A944-4F344788A073}.Release|Any CPU.Build.0 = Release|Any CPU
		{57E677D8-00AD-400C-A944-4F344788A073}.Release|x64.ActiveCfg = Release|Any CPU
		{57E677D8-00AD-400C-A944-4F344788A073}.Release|x64.Build.0 = Release|Any CPU
		{57E677D8-00AD-400C-A944-4F344788A073}.Release|x86.ActiveCfg = Release|Any CPU
		{57E677D8-00AD-400C-A944-4F344788A073}.Release|x86.Build.0 = Release|Any CPU
		{CB1635BF-49A9-43E0-8D93-D36B710A8222}.Debug|Any CPU.ActiveCfg = Debug|Any CPU
		{CB1635BF-49A9-43E0-8D93-D36B710A8222}.Debug|Any CPU.Build.0 = Debug|Any CPU
		{CB1635BF-49A9-43E0-8D93-D36B710A8222}.Debug|x64.ActiveCfg = Debug|Any CPU
		{CB1635BF-49A9-43E0-8D93-D36B710A8222}.Debug|x64.Build.0 = Debug|Any CPU
		{CB1635BF-49A9-43E0-8D93-D36B710A8222}.Debug|x86.ActiveCfg = Debug|Any CPU
		{CB1635BF-49A9-43E0-8D93-D36B710A8222}.Debug|x86.Build.0 = Debug|Any CPU
		{CB1635BF-49A9-43E0-8D93-D36B710A8222}.Release|Any CPU.ActiveCfg = Release|Any CPU
		{CB1635BF-49A9-43E0-8D93-D36B710A8222}.Release|Any CPU.Build.0 = Release|Any CPU
		{CB1635BF-49A9-43E0-8D93-D36B710A8222}.Release|x64.ActiveCfg = Release|Any CPU
		{CB1635BF-49A9-43E0-8D93-D36B710A8222}.Release|x64.Build.0 = Release|Any CPU
		{CB1635BF-49A9-43E0-8D93-D36B710A8222}.Release|x86.ActiveCfg = Release|Any CPU
		{CB1635BF-49A9-43E0-8D93-D36B710A8222}.Release|x86.Build.0 = Release|Any CPU
		{B86DABB7-F502-449F-9355-C1E6AFCBD7C1}.Debug|Any CPU.ActiveCfg = Debug|Any CPU
		{B86DABB7-F502-449F-9355-C1E6AFCBD7C1}.Debug|Any CPU.Build.0 = Debug|Any CPU
		{B86DABB7-F502-449F-9355-C1E6AFCBD7C1}.Debug|x64.ActiveCfg = Debug|Any CPU
		{B86DABB7-F502-449F-9355-C1E6AFCBD7C1}.Debug|x64.Build.0 = Debug|Any CPU
		{B86DABB7-F502-449F-9355-C1E6AFCBD7C1}.Debug|x86.ActiveCfg = Debug|Any CPU
		{B86DABB7-F502-449F-9355-C1E6AFCBD7C1}.Debug|x86.Build.0 = Debug|Any CPU
		{B86DABB7-F502-449F-9355-C1E6AFCBD7C1}.Release|Any CPU.ActiveCfg = Release|Any CPU
		{B86DABB7-F502-449F-9355-C1E6AFCBD7C1}.Release|Any CPU.Build.0 = Release|Any CPU
		{B86DABB7-F502-449F-9355-C1E6AFCBD7C1}.Release|x64.ActiveCfg = Release|Any CPU
		{B86DABB7-F502-449F-9355-C1E6AFCBD7C1}.Release|x64.Build.0 = Release|Any CPU
		{B86DABB7-F502-449F-9355-C1E6AFCBD7C1}.Release|x86.ActiveCfg = Release|Any CPU
		{B86DABB7-F502-449F-9355-C1E6AFCBD7C1}.Release|x86.Build.0 = Release|Any CPU
		{F341CA52-32B3-4362-B19E-36C173168458}.Debug|Any CPU.ActiveCfg = Debug|Any CPU
		{F341CA52-32B3-4362-B19E-36C173168458}.Debug|Any CPU.Build.0 = Debug|Any CPU
		{F341CA52-32B3-4362-B19E-36C173168458}.Debug|x64.ActiveCfg = Debug|Any CPU
		{F341CA52-32B3-4362-B19E-36C173168458}.Debug|x64.Build.0 = Debug|Any CPU
		{F341CA52-32B3-4362-B19E-36C173168458}.Debug|x86.ActiveCfg = Debug|Any CPU
		{F341CA52-32B3-4362-B19E-36C173168458}.Debug|x86.Build.0 = Debug|Any CPU
		{F341CA52-32B3-4362-B19E-36C173168458}.Release|Any CPU.ActiveCfg = Release|Any CPU
		{F341CA52-32B3-4362-B19E-36C173168458}.Release|Any CPU.Build.0 = Release|Any CPU
		{F341CA52-32B3-4362-B19E-36C173168458}.Release|x64.ActiveCfg = Release|Any CPU
		{F341CA52-32B3-4362-B19E-36C173168458}.Release|x64.Build.0 = Release|Any CPU
		{F341CA52-32B3-4362-B19E-36C173168458}.Release|x86.ActiveCfg = Release|Any CPU
		{F341CA52-32B3-4362-B19E-36C173168458}.Release|x86.Build.0 = Release|Any CPU
		{66275388-EC45-459B-B6C2-3D6CC6ACACE1}.Debug|Any CPU.ActiveCfg = Debug|Any CPU
		{66275388-EC45-459B-B6C2-3D6CC6ACACE1}.Debug|Any CPU.Build.0 = Debug|Any CPU
		{66275388-EC45-459B-B6C2-3D6CC6ACACE1}.Debug|x64.ActiveCfg = Debug|Any CPU
		{66275388-EC45-459B-B6C2-3D6CC6ACACE1}.Debug|x64.Build.0 = Debug|Any CPU
		{66275388-EC45-459B-B6C2-3D6CC6ACACE1}.Debug|x86.ActiveCfg = Debug|Any CPU
		{66275388-EC45-459B-B6C2-3D6CC6ACACE1}.Debug|x86.Build.0 = Debug|Any CPU
		{66275388-EC45-459B-B6C2-3D6CC6ACACE1}.Release|Any CPU.ActiveCfg = Release|Any CPU
		{66275388-EC45-459B-B6C2-3D6CC6ACACE1}.Release|Any CPU.Build.0 = Release|Any CPU
		{66275388-EC45-459B-B6C2-3D6CC6ACACE1}.Release|x64.ActiveCfg = Release|Any CPU
		{66275388-EC45-459B-B6C2-3D6CC6ACACE1}.Release|x64.Build.0 = Release|Any CPU
		{66275388-EC45-459B-B6C2-3D6CC6ACACE1}.Release|x86.ActiveCfg = Release|Any CPU
		{66275388-EC45-459B-B6C2-3D6CC6ACACE1}.Release|x86.Build.0 = Release|Any CPU
		{ED411E3C-6A93-4779-9B13-FAE4F88B99FD}.Debug|Any CPU.ActiveCfg = Debug|Any CPU
		{ED411E3C-6A93-4779-9B13-FAE4F88B99FD}.Debug|Any CPU.Build.0 = Debug|Any CPU
		{ED411E3C-6A93-4779-9B13-FAE4F88B99FD}.Debug|x64.ActiveCfg = Debug|Any CPU
		{ED411E3C-6A93-4779-9B13-FAE4F88B99FD}.Debug|x64.Build.0 = Debug|Any CPU
		{ED411E3C-6A93-4779-9B13-FAE4F88B99FD}.Debug|x86.ActiveCfg = Debug|Any CPU
		{ED411E3C-6A93-4779-9B13-FAE4F88B99FD}.Debug|x86.Build.0 = Debug|Any CPU
		{ED411E3C-6A93-4779-9B13-FAE4F88B99FD}.Release|Any CPU.ActiveCfg = Release|Any CPU
		{ED411E3C-6A93-4779-9B13-FAE4F88B99FD}.Release|Any CPU.Build.0 = Release|Any CPU
		{ED411E3C-6A93-4779-9B13-FAE4F88B99FD}.Release|x64.ActiveCfg = Release|Any CPU
		{ED411E3C-6A93-4779-9B13-FAE4F88B99FD}.Release|x64.Build.0 = Release|Any CPU
		{ED411E3C-6A93-4779-9B13-FAE4F88B99FD}.Release|x86.ActiveCfg = Release|Any CPU
		{ED411E3C-6A93-4779-9B13-FAE4F88B99FD}.Release|x86.Build.0 = Release|Any CPU
		{58C5DC6E-12A9-4A4A-BBEC-14B8C115103A}.Debug|Any CPU.ActiveCfg = Debug|Any CPU
		{58C5DC6E-12A9-4A4A-BBEC-14B8C115103A}.Debug|Any CPU.Build.0 = Debug|Any CPU
		{58C5DC6E-12A9-4A4A-BBEC-14B8C115103A}.Debug|x64.ActiveCfg = Debug|Any CPU
		{58C5DC6E-12A9-4A4A-BBEC-14B8C115103A}.Debug|x64.Build.0 = Debug|Any CPU
		{58C5DC6E-12A9-4A4A-BBEC-14B8C115103A}.Debug|x86.ActiveCfg = Debug|Any CPU
		{58C5DC6E-12A9-4A4A-BBEC-14B8C115103A}.Debug|x86.Build.0 = Debug|Any CPU
		{58C5DC6E-12A9-4A4A-BBEC-14B8C115103A}.Release|Any CPU.ActiveCfg = Release|Any CPU
		{58C5DC6E-12A9-4A4A-BBEC-14B8C115103A}.Release|Any CPU.Build.0 = Release|Any CPU
		{58C5DC6E-12A9-4A4A-BBEC-14B8C115103A}.Release|x64.ActiveCfg = Release|Any CPU
		{58C5DC6E-12A9-4A4A-BBEC-14B8C115103A}.Release|x64.Build.0 = Release|Any CPU
		{58C5DC6E-12A9-4A4A-BBEC-14B8C115103A}.Release|x86.ActiveCfg = Release|Any CPU
		{58C5DC6E-12A9-4A4A-BBEC-14B8C115103A}.Release|x86.Build.0 = Release|Any CPU
	EndGlobalSection
	GlobalSection(SolutionProperties) = preSolution
		HideSolutionNode = FALSE
	EndGlobalSection
	GlobalSection(NestedProjects) = preSolution
		{984BB9B3-3FA3-BE33-9484-CAC21695A33C} = {827E0CD3-B72D-47B6-A68D-7590B98EB39B}
		{6306A8FB-679E-111F-6585-8F70E0EE6013} = {827E0CD3-B72D-47B6-A68D-7590B98EB39B}
		{6FA0CAF7-E0C0-49B2-9662-D335F73982ED} = {6306A8FB-679E-111F-6585-8F70E0EE6013}
		{65ABFB5D-2B10-DF64-BF12-C17976F8E5D9} = {827E0CD3-B72D-47B6-A68D-7590B98EB39B}
		{0D5E5628-F0BF-40CB-A599-92C33D9D725C} = {65ABFB5D-2B10-DF64-BF12-C17976F8E5D9}
		{96CB1251-1072-4042-9FB5-659D755E30CE} = {65ABFB5D-2B10-DF64-BF12-C17976F8E5D9}
		{9934FABF-310B-4D91-999F-09B65F86C14A} = {65ABFB5D-2B10-DF64-BF12-C17976F8E5D9}
		{6ACFC47F-49BA-4E40-B646-2DE0255187DE} = {65ABFB5D-2B10-DF64-BF12-C17976F8E5D9}
		{385B7D45-7375-ADE1-0C95-BEC07576A58E} = {984BB9B3-3FA3-BE33-9484-CAC21695A33C}
		{7DEEA0E1-AFAB-4270-9788-D327DD0751AD} = {385B7D45-7375-ADE1-0C95-BEC07576A58E}
		{B8DD194C-2228-417F-9BE8-84D8188DDBB5} = {385B7D45-7375-ADE1-0C95-BEC07576A58E}
		{F1A8EA27-F9F7-4F4E-AEB9-2B80F5E59699} = {385B7D45-7375-ADE1-0C95-BEC07576A58E}
		{497C5129-8527-4C77-AC1A-FBA20530AF30} = {385B7D45-7375-ADE1-0C95-BEC07576A58E}
		{4E73F949-D345-4C2B-B5CB-49FB76CFF31A} = {385B7D45-7375-ADE1-0C95-BEC07576A58E}
		{3B521CF7-B069-430A-8FD9-B750550B7C6C} = {984BB9B3-3FA3-BE33-9484-CAC21695A33C}
		{CC9C03C7-4D29-4C32-9A81-F941DFCBA262} = {3B521CF7-B069-430A-8FD9-B750550B7C6C}
		{FF0CC4A6-B462-0A79-1050-FE20D0230E6A} = {3B521CF7-B069-430A-8FD9-B750550B7C6C}
		{BED4027C-A47C-0E06-5FC3-73FFD7BA4EFE} = {3B521CF7-B069-430A-8FD9-B750550B7C6C}
		{0CFDD74E-3F53-44DB-F47C-85E1F6255EC7} = {3B521CF7-B069-430A-8FD9-B750550B7C6C}
		{C2F2AE2C-AEC6-69E3-8AD7-D215B884B9BF} = {3B521CF7-B069-430A-8FD9-B750550B7C6C}
		{40CB294E-2A2C-AA7D-5466-10F40F0DAD4F} = {984BB9B3-3FA3-BE33-9484-CAC21695A33C}
		{8099165E-826D-455A-8A0B-C0E5676B1384} = {40CB294E-2A2C-AA7D-5466-10F40F0DAD4F}
		{66462725-1997-4332-A7BA-E693987AE5CE} = {40CB294E-2A2C-AA7D-5466-10F40F0DAD4F}
		{8590939F-4018-48CD-9434-A112D13ECDE2} = {40CB294E-2A2C-AA7D-5466-10F40F0DAD4F}
		{85CA8F58-E16B-4148-8A8A-E05E564B85E5} = {40CB294E-2A2C-AA7D-5466-10F40F0DAD4F}
		{7F71E15B-E0B4-4FD4-BF2A-B5302F51E762} = {40CB294E-2A2C-AA7D-5466-10F40F0DAD4F}
		{7B912DB9-331B-0944-5302-1EBCC0404D36} = {984BB9B3-3FA3-BE33-9484-CAC21695A33C}
		{184A8C07-54DD-4F7B-8837-456EE79FE9A5} = {7B912DB9-331B-0944-5302-1EBCC0404D36}
		{54555FC6-20FD-4C25-B576-75A487D7E967} = {7B912DB9-331B-0944-5302-1EBCC0404D36}
		{211AD5F3-C6D4-4F11-9CF3-C3E6E40F3897} = {7B912DB9-331B-0944-5302-1EBCC0404D36}
		{08B6E9BD-B7CF-4C8A-B443-39D43C4F1F6D} = {7B912DB9-331B-0944-5302-1EBCC0404D36}
		{9654A80C-F714-4391-9180-9A35E98CC3B2} = {7B912DB9-331B-0944-5302-1EBCC0404D36}
		{1661F2E8-D85F-4B96-4B1E-439310AAEA29} = {984BB9B3-3FA3-BE33-9484-CAC21695A33C}
		{CD14BAF6-1FF9-4899-8F7F-C4766629D6A4} = {1661F2E8-D85F-4B96-4B1E-439310AAEA29}
		{F44EBDAF-8A28-49AE-9932-75D35F053BC6} = {1661F2E8-D85F-4B96-4B1E-439310AAEA29}
		{69FE5A91-FD52-4D5E-9118-FD95F15F1A37} = {1661F2E8-D85F-4B96-4B1E-439310AAEA29}
		{18CABCB0-BD5F-4EEC-A537-BE96E0384FF0} = {1661F2E8-D85F-4B96-4B1E-439310AAEA29}
		{CC81915F-8ED4-4628-83CF-37DE27FCF7E8} = {1661F2E8-D85F-4B96-4B1E-439310AAEA29}
		{320EE481-A654-4850-B4F0-4F5220828836} = {827E0CD3-B72D-47B6-A68D-7590B98EB39B}
		{32466F05-DDFD-441C-9AA1-AAA759F82BBB} = {320EE481-A654-4850-B4F0-4F5220828836}
		{82373B69-7F92-25FF-C38D-C7DBA77E9B6B} = {984BB9B3-3FA3-BE33-9484-CAC21695A33C}
		{90C52EDF-B427-B9C8-5148-928341B5ADE9} = {82373B69-7F92-25FF-C38D-C7DBA77E9B6B}
		{D19CA88D-7C4D-997D-0FD8-0448600FABC9} = {90C52EDF-B427-B9C8-5148-928341B5ADE9}
		{B00120F1-A1CA-4E82-8E46-3E4F9554177A} = {D19CA88D-7C4D-997D-0FD8-0448600FABC9}
		{09093F96-DE20-428C-8BE8-EE47E2FE6A2A} = {D19CA88D-7C4D-997D-0FD8-0448600FABC9}
		{629A099B-19FC-447C-B2D0-1655787BC7C7} = {D19CA88D-7C4D-997D-0FD8-0448600FABC9}
		{66B37E60-EA20-4E9B-B686-AA000174D187} = {90C52EDF-B427-B9C8-5148-928341B5ADE9}
		{A6FDDD60-0729-20A8-B34B-5C491A9F6298} = {90C52EDF-B427-B9C8-5148-928341B5ADE9}
		{EF5F055A-09E3-4C4C-AC86-7589707D8633} = {A6FDDD60-0729-20A8-B34B-5C491A9F6298}
		{09557C87-E964-4DC2-B72A-CFE46FCF2943} = {A6FDDD60-0729-20A8-B34B-5C491A9F6298}
		{5C259508-AB1D-4745-AAD5-CE38E902B424} = {A6FDDD60-0729-20A8-B34B-5C491A9F6298}
		{154E8A65-2BE3-AFBC-6112-ABC38D3AFEFC} = {90C52EDF-B427-B9C8-5148-928341B5ADE9}
		{4C2AE286-E774-4611-ACD4-C2640B97E0E8} = {154E8A65-2BE3-AFBC-6112-ABC38D3AFEFC}
		{8A94C5AE-63D6-4CE3-9A01-7CE346DBBAD7} = {154E8A65-2BE3-AFBC-6112-ABC38D3AFEFC}
		{D50D2EE2-61BB-4A9F-B02E-BE680DECAF7D} = {154E8A65-2BE3-AFBC-6112-ABC38D3AFEFC}
		{6EB51EE4-C7CA-8DEB-C3F2-E61C0A0B698C} = {90C52EDF-B427-B9C8-5148-928341B5ADE9}
		{3991964D-3E89-432D-A63F-5708CCBA25A2} = {6EB51EE4-C7CA-8DEB-C3F2-E61C0A0B698C}
		{F0D466C2-71AB-4E21-9026-5B3C7DB166C9} = {6EB51EE4-C7CA-8DEB-C3F2-E61C0A0B698C}
		{57E677D8-00AD-400C-A944-4F344788A073} = {6EB51EE4-C7CA-8DEB-C3F2-E61C0A0B698C}
		{7D20ED7D-D61A-C2F2-7F18-941BF5FC477B} = {90C52EDF-B427-B9C8-5148-928341B5ADE9}
		{CB1635BF-49A9-43E0-8D93-D36B710A8222} = {7D20ED7D-D61A-C2F2-7F18-941BF5FC477B}
		{B86DABB7-F502-449F-9355-C1E6AFCBD7C1} = {7D20ED7D-D61A-C2F2-7F18-941BF5FC477B}
		{F341CA52-32B3-4362-B19E-36C173168458} = {7D20ED7D-D61A-C2F2-7F18-941BF5FC477B}
		{4FEE31B5-7AAD-E225-285B-37DE52B9D174} = {90C52EDF-B427-B9C8-5148-928341B5ADE9}
		{66275388-EC45-459B-B6C2-3D6CC6ACACE1} = {4FEE31B5-7AAD-E225-285B-37DE52B9D174}
		{ED411E3C-6A93-4779-9B13-FAE4F88B99FD} = {4FEE31B5-7AAD-E225-285B-37DE52B9D174}
		{58C5DC6E-12A9-4A4A-BBEC-14B8C115103A} = {4FEE31B5-7AAD-E225-285B-37DE52B9D174}
	EndGlobalSection
	GlobalSection(ExtensibilityGlobals) = postSolution
		SolutionGuid = {95FF53B5-FE0C-498D-9737-6155FA185481}
	EndGlobalSection
EndGlobal
