
Microsoft Visual Studio Solution File, Format Version 12.00
# Visual Studio Version 17
VisualStudioVersion = 17.0.31903.59
MinimumVisualStudioVersion = 10.0.40219.1
Project("{2150E333-8FDC-42A3-9474-1A3956D46DE8}") = "src", "src", "{827E0CD3-B72D-47B6-A68D-7590B98EB39B}"
EndProject
Project("{2150E333-8FDC-42A3-9474-1A3956D46DE8}") = "Services", "Services", "{984BB9B3-3FA3-BE33-9484-CAC21695A33C}"
EndProject
Project("{2150E333-8FDC-42A3-9474-1A3956D46DE8}") = "UserService", "UserService", "{A52FF9A7-1006-A729-7F26-021652E10080}"
EndProject
Project("{FAE04EC0-301F-11D3-BF4B-00C04F79EFBC}") = "UserService.Api", "src\Services\UserService\UserService.Api\UserService.Api.csproj", "{1B3C8FA1-EB09-4362-871B-E2494DF778A7}"
EndProject
Project("{FAE04EC0-301F-11D3-BF4B-00C04F79EFBC}") = "UserService.Application", "src\Services\UserService\UserService.Application\UserService.Application.csproj", "{A21DFF15-DB0B-4C9A-BCBC-BD9ED0870C60}"
EndProject
Project("{FAE04EC0-301F-11D3-BF4B-00C04F79EFBC}") = "UserService.Domain", "src\Services\UserService\UserService.Domain\UserService.Domain.csproj", "{6D69E515-BE2F-43B0-B363-6C98CF212C25}"
EndProject
Project("{FAE04EC0-301F-11D3-BF4B-00C04F79EFBC}") = "UserService.Infrastructure", "src\Services\UserService\UserService.Infrastructure\UserService.Infrastructure.csproj", "{9E2213EE-2D81-4D7E-B5C2-E379540F8FEC}"
EndProject
Project("{FAE04EC0-301F-11D3-BF4B-00C04F79EFBC}") = "UserService.Persistence", "src\Services\UserService\UserService.Persistence\UserService.Persistence.csproj", "{323702BE-ECDD-4D5B-A295-7AC776568B21}"
EndProject
Project("{2150E333-8FDC-42A3-9474-1A3956D46DE8}") = "Gateway", "Gateway", "{6306A8FB-679E-111F-6585-8F70E0EE6013}"
EndProject
Project("{FAE04EC0-301F-11D3-BF4B-00C04F79EFBC}") = "Humanity.ApiGateway", "src\Gateway\Humanity.ApiGateway\Humanity.ApiGateway.csproj", "{6FA0CAF7-E0C0-49B2-9662-D335F73982ED}"
EndProject
Project("{2150E333-8FDC-42A3-9474-1A3956D46DE8}") = "Identity", "Identity", "{65ABFB5D-2B10-DF64-BF12-C17976F8E5D9}"
EndProject
Project("{FAE04EC0-301F-11D3-BF4B-00C04F79EFBC}") = "Identity.Application", "src\Identity\Identity.Application\Identity.Application.csproj", "{0D5E5628-F0BF-40CB-A599-92C33D9D725C}"
EndProject
Project("{FAE04EC0-301F-11D3-BF4B-00C04F79EFBC}") = "Identity.Domain", "src\Identity\Identity.Domain\Identity.Domain.csproj", "{96CB1251-1072-4042-9FB5-659D755E30CE}"
EndProject
Project("{FAE04EC0-301F-11D3-BF4B-00C04F79EFBC}") = "Identity.Infrastructure", "src\Identity\Identity.Infrastructure\Identity.Infrastructure.csproj", "{9934FABF-310B-4D91-999F-09B65F86C14A}"
EndProject
Project("{FAE04EC0-301F-11D3-BF4B-00C04F79EFBC}") = "Identity.Api", "src\Identity\Identity.Api\Identity.Api.csproj", "{6ACFC47F-49BA-4E40-B646-2DE0255187DE}"
EndProject
Project("{2150E333-8FDC-42A3-9474-1A3956D46DE8}") = "PostService", "PostService", "{385B7D45-7375-ADE1-0C95-BEC07576A58E}"
EndProject
Project("{FAE04EC0-301F-11D3-BF4B-00C04F79EFBC}") = "PostService.Api", "src\Services\PostService\PostService.Api\PostService.Api.csproj", "{7DEEA0E1-AFAB-4270-9788-D327DD0751AD}"
EndProject
Project("{FAE04EC0-301F-11D3-BF4B-00C04F79EFBC}") = "PostService.Application", "src\Services\PostService\PostService.Application\PostService.Application.csproj", "{B8DD194C-2228-417F-9BE8-84D8188DDBB5}"
EndProject
Project("{FAE04EC0-301F-11D3-BF4B-00C04F79EFBC}") = "PostService.Domain", "src\Services\PostService\PostService.Domain\PostService.Domain.csproj", "{F1A8EA27-F9F7-4F4E-AEB9-2B80F5E59699}"
EndProject
Project("{FAE04EC0-301F-11D3-BF4B-00C04F79EFBC}") = "PostService.Infrastructure", "src\Services\PostService\PostService.Infrastructure\PostService.Infrastructure.csproj", "{497C5129-8527-4C77-AC1A-FBA20530AF30}"
EndProject
Project("{FAE04EC0-301F-11D3-BF4B-00C04F79EFBC}") = "PostService.Persistence", "src\Services\PostService\PostService.Persistence\PostService.Persistence.csproj", "{4E73F949-D345-4C2B-B5CB-49FB76CFF31A}"
EndProject
Project("{2150E333-8FDC-42A3-9474-1A3956D46DE8}") = "UI", "UI", "{36D591C7-65C7-A0D1-1CBC-10CDE441BDC8}"
EndProject
Project("{FAE04EC0-301F-11D3-BF4B-00C04F79EFBC}") = "Humanity.Server.UI", "src\UI\Humanity.Server.UI\Humanity.Server.UI.csproj", "{032DB356-8C13-41E7-8650-C1285F455700}"
EndProject
Project("{2150E333-8FDC-42A3-9474-1A3956D46DE8}") = "StudentService", "StudentService", "{3B521CF7-B069-430A-8FD9-B750550B7C6C}"
EndProject
Project("{FAE04EC0-301F-11D3-BF4B-00C04F79EFBC}") = "StudentService.Application", "src\Services\StudentService\StudentService.Application\StudentService.Application.csproj", "{CC9C03C7-4D29-4C32-9A81-F941DFCBA262}"
EndProject
Project("{FAE04EC0-301F-11D3-BF4B-00C04F79EFBC}") = "StudentService.Domain", "src\Services\StudentService\StudentService.Domain\StudentService.Domain.csproj", "{FF0CC4A6-B462-0A79-1050-FE20D0230E6A}"
EndProject
Project("{FAE04EC0-301F-11D3-BF4B-00C04F79EFBC}") = "StudentService.Persistence", "src\Services\StudentService\StudentService.Persistence\StudentService.Persistence.csproj", "{BED4027C-A47C-0E06-5FC3-73FFD7BA4EFE}"
EndProject
Project("{FAE04EC0-301F-11D3-BF4B-00C04F79EFBC}") = "StudentService.Api", "src\Services\StudentService\StudentService.Api\StudentService.Api.csproj", "{0CFDD74E-3F53-44DB-F47C-85E1F6255EC7}"
EndProject
Project("{FAE04EC0-301F-11D3-BF4B-00C04F79EFBC}") = "StudentService.Infrastructure", "src\Services\StudentService\StudentService.Infrastructure\StudentService.Infrastructure.csproj", "{C2F2AE2C-AEC6-69E3-8AD7-D215B884B9BF}"
EndProject
Project("{2150E333-8FDC-42A3-9474-1A3956D46DE8}") = "PaymentService", "PaymentService", "{40CB294E-2A2C-AA7D-5466-10F40F0DAD4F}"
EndProject
Project("{FAE04EC0-301F-11D3-BF4B-00C04F79EFBC}") = "PaymentService.Api", "src\Services\PaymentService\PaymentService.Api\PaymentService.Api.csproj", "{8099165E-826D-455A-8A0B-C0E5676B1384}"
EndProject
Project("{FAE04EC0-301F-11D3-BF4B-00C04F79EFBC}") = "PaymentService.Application", "src\Services\PaymentService\PaymentService.Application\PaymentService.Application.csproj", "{66462725-1997-4332-A7BA-E693987AE5CE}"
EndProject
Project("{FAE04EC0-301F-11D3-BF4B-00C04F79EFBC}") = "PaymentService.Domain", "src\Services\PaymentService\PaymentService.Domain\PaymentService.Domain.csproj", "{8590939F-4018-48CD-9434-A112D13ECDE2}"
EndProject
Project("{FAE04EC0-301F-11D3-BF4B-00C04F79EFBC}") = "PaymentService.Infrastructure", "src\Services\PaymentService\PaymentService.Infrastructure\PaymentService.Infrastructure.csproj", "{85CA8F58-E16B-4148-8A8A-E05E564B85E5}"
EndProject
Project("{FAE04EC0-301F-11D3-BF4B-00C04F79EFBC}") = "PaymentService.Persistence", "src\Services\PaymentService\PaymentService.Persistence\PaymentService.Persistence.csproj", "{7F71E15B-E0B4-4FD4-BF2A-B5302F51E762}"
EndProject
Global
	GlobalSection(SolutionConfigurationPlatforms) = preSolution
		Debug|Any CPU = Debug|Any CPU
		Debug|x64 = Debug|x64
		Debug|x86 = Debug|x86
		Release|Any CPU = Release|Any CPU
		Release|x64 = Release|x64
		Release|x86 = Release|x86
	EndGlobalSection
	GlobalSection(ProjectConfigurationPlatforms) = postSolution
		{1B3C8FA1-EB09-4362-871B-E2494DF778A7}.Debug|Any CPU.ActiveCfg = Debug|Any CPU
		{1B3C8FA1-EB09-4362-871B-E2494DF778A7}.Debug|Any CPU.Build.0 = Debug|Any CPU
		{1B3C8FA1-EB09-4362-871B-E2494DF778A7}.Debug|x64.ActiveCfg = Debug|Any CPU
		{1B3C8FA1-EB09-4362-871B-E2494DF778A7}.Debug|x64.Build.0 = Debug|Any CPU
		{1B3C8FA1-EB09-4362-871B-E2494DF778A7}.Debug|x86.ActiveCfg = Debug|Any CPU
		{1B3C8FA1-EB09-4362-871B-E2494DF778A7}.Debug|x86.Build.0 = Debug|Any CPU
		{1B3C8FA1-EB09-4362-871B-E2494DF778A7}.Release|Any CPU.ActiveCfg = Release|Any CPU
		{1B3C8FA1-EB09-4362-871B-E2494DF778A7}.Release|Any CPU.Build.0 = Release|Any CPU
		{1B3C8FA1-EB09-4362-871B-E2494DF778A7}.Release|x64.ActiveCfg = Release|Any CPU
		{1B3C8FA1-EB09-4362-871B-E2494DF778A7}.Release|x64.Build.0 = Release|Any CPU
		{1B3C8FA1-EB09-4362-871B-E2494DF778A7}.Release|x86.ActiveCfg = Release|Any CPU
		{1B3C8FA1-EB09-4362-871B-E2494DF778A7}.Release|x86.Build.0 = Release|Any CPU
		{A21DFF15-DB0B-4C9A-BCBC-BD9ED0870C60}.Debug|Any CPU.ActiveCfg = Debug|Any CPU
		{A21DFF15-DB0B-4C9A-BCBC-BD9ED0870C60}.Debug|Any CPU.Build.0 = Debug|Any CPU
		{A21DFF15-DB0B-4C9A-BCBC-BD9ED0870C60}.Debug|x64.ActiveCfg = Debug|Any CPU
		{A21DFF15-DB0B-4C9A-BCBC-BD9ED0870C60}.Debug|x64.Build.0 = Debug|Any CPU
		{A21DFF15-DB0B-4C9A-BCBC-BD9ED0870C60}.Debug|x86.ActiveCfg = Debug|Any CPU
		{A21DFF15-DB0B-4C9A-BCBC-BD9ED0870C60}.Debug|x86.Build.0 = Debug|Any CPU
		{A21DFF15-DB0B-4C9A-BCBC-BD9ED0870C60}.Release|Any CPU.ActiveCfg = Release|Any CPU
		{A21DFF15-DB0B-4C9A-BCBC-BD9ED0870C60}.Release|Any CPU.Build.0 = Release|Any CPU
		{A21DFF15-DB0B-4C9A-BCBC-BD9ED0870C60}.Release|x64.ActiveCfg = Release|Any CPU
		{A21DFF15-DB0B-4C9A-BCBC-BD9ED0870C60}.Release|x64.Build.0 = Release|Any CPU
		{A21DFF15-DB0B-4C9A-BCBC-BD9ED0870C60}.Release|x86.ActiveCfg = Release|Any CPU
		{A21DFF15-DB0B-4C9A-BCBC-BD9ED0870C60}.Release|x86.Build.0 = Release|Any CPU
		{6D69E515-BE2F-43B0-B363-6C98CF212C25}.Debug|Any CPU.ActiveCfg = Debug|Any CPU
		{6D69E515-BE2F-43B0-B363-6C98CF212C25}.Debug|Any CPU.Build.0 = Debug|Any CPU
		{6D69E515-BE2F-43B0-B363-6C98CF212C25}.Debug|x64.ActiveCfg = Debug|Any CPU
		{6D69E515-BE2F-43B0-B363-6C98CF212C25}.Debug|x64.Build.0 = Debug|Any CPU
		{6D69E515-BE2F-43B0-B363-6C98CF212C25}.Debug|x86.ActiveCfg = Debug|Any CPU
		{6D69E515-BE2F-43B0-B363-6C98CF212C25}.Debug|x86.Build.0 = Debug|Any CPU
		{6D69E515-BE2F-43B0-B363-6C98CF212C25}.Release|Any CPU.ActiveCfg = Release|Any CPU
		{6D69E515-BE2F-43B0-B363-6C98CF212C25}.Release|Any CPU.Build.0 = Release|Any CPU
		{6D69E515-BE2F-43B0-B363-6C98CF212C25}.Release|x64.ActiveCfg = Release|Any CPU
		{6D69E515-BE2F-43B0-B363-6C98CF212C25}.Release|x64.Build.0 = Release|Any CPU
		{6D69E515-BE2F-43B0-B363-6C98CF212C25}.Release|x86.ActiveCfg = Release|Any CPU
		{6D69E515-BE2F-43B0-B363-6C98CF212C25}.Release|x86.Build.0 = Release|Any CPU
		{9E2213EE-2D81-4D7E-B5C2-E379540F8FEC}.Debug|Any CPU.ActiveCfg = Debug|Any CPU
		{9E2213EE-2D81-4D7E-B5C2-E379540F8FEC}.Debug|Any CPU.Build.0 = Debug|Any CPU
		{9E2213EE-2D81-4D7E-B5C2-E379540F8FEC}.Debug|x64.ActiveCfg = Debug|Any CPU
		{9E2213EE-2D81-4D7E-B5C2-E379540F8FEC}.Debug|x64.Build.0 = Debug|Any CPU
		{9E2213EE-2D81-4D7E-B5C2-E379540F8FEC}.Debug|x86.ActiveCfg = Debug|Any CPU
		{9E2213EE-2D81-4D7E-B5C2-E379540F8FEC}.Debug|x86.Build.0 = Debug|Any CPU
		{9E2213EE-2D81-4D7E-B5C2-E379540F8FEC}.Release|Any CPU.ActiveCfg = Release|Any CPU
		{9E2213EE-2D81-4D7E-B5C2-E379540F8FEC}.Release|Any CPU.Build.0 = Release|Any CPU
		{9E2213EE-2D81-4D7E-B5C2-E379540F8FEC}.Release|x64.ActiveCfg = Release|Any CPU
		{9E2213EE-2D81-4D7E-B5C2-E379540F8FEC}.Release|x64.Build.0 = Release|Any CPU
		{9E2213EE-2D81-4D7E-B5C2-E379540F8FEC}.Release|x86.ActiveCfg = Release|Any CPU
		{9E2213EE-2D81-4D7E-B5C2-E379540F8FEC}.Release|x86.Build.0 = Release|Any CPU
		{323702BE-ECDD-4D5B-A295-7AC776568B21}.Debug|Any CPU.ActiveCfg = Debug|Any CPU
		{323702BE-ECDD-4D5B-A295-7AC776568B21}.Debug|Any CPU.Build.0 = Debug|Any CPU
		{323702BE-ECDD-4D5B-A295-7AC776568B21}.Debug|x64.ActiveCfg = Debug|Any CPU
		{323702BE-ECDD-4D5B-A295-7AC776568B21}.Debug|x64.Build.0 = Debug|Any CPU
		{323702BE-ECDD-4D5B-A295-7AC776568B21}.Debug|x86.ActiveCfg = Debug|Any CPU
		{323702BE-ECDD-4D5B-A295-7AC776568B21}.Debug|x86.Build.0 = Debug|Any CPU
		{323702BE-ECDD-4D5B-A295-7AC776568B21}.Release|Any CPU.ActiveCfg = Release|Any CPU
		{323702BE-ECDD-4D5B-A295-7AC776568B21}.Release|Any CPU.Build.0 = Release|Any CPU
		{323702BE-ECDD-4D5B-A295-7AC776568B21}.Release|x64.ActiveCfg = Release|Any CPU
		{323702BE-ECDD-4D5B-A295-7AC776568B21}.Release|x64.Build.0 = Release|Any CPU
		{323702BE-ECDD-4D5B-A295-7AC776568B21}.Release|x86.ActiveCfg = Release|Any CPU
		{323702BE-ECDD-4D5B-A295-7AC776568B21}.Release|x86.Build.0 = Release|Any CPU
		{6FA0CAF7-E0C0-49B2-9662-D335F73982ED}.Debug|Any CPU.ActiveCfg = Debug|Any CPU
		{6FA0CAF7-E0C0-49B2-9662-D335F73982ED}.Debug|Any CPU.Build.0 = Debug|Any CPU
		{6FA0CAF7-E0C0-49B2-9662-D335F73982ED}.Debug|x64.ActiveCfg = Debug|Any CPU
		{6FA0CAF7-E0C0-49B2-9662-D335F73982ED}.Debug|x64.Build.0 = Debug|Any CPU
		{6FA0CAF7-E0C0-49B2-9662-D335F73982ED}.Debug|x86.ActiveCfg = Debug|Any CPU
		{6FA0CAF7-E0C0-49B2-9662-D335F73982ED}.Debug|x86.Build.0 = Debug|Any CPU
		{6FA0CAF7-E0C0-49B2-9662-D335F73982ED}.Release|Any CPU.ActiveCfg = Release|Any CPU
		{6FA0CAF7-E0C0-49B2-9662-D335F73982ED}.Release|Any CPU.Build.0 = Release|Any CPU
		{6FA0CAF7-E0C0-49B2-9662-D335F73982ED}.Release|x64.ActiveCfg = Release|Any CPU
		{6FA0CAF7-E0C0-49B2-9662-D335F73982ED}.Release|x64.Build.0 = Release|Any CPU
		{6FA0CAF7-E0C0-49B2-9662-D335F73982ED}.Release|x86.ActiveCfg = Release|Any CPU
		{6FA0CAF7-E0C0-49B2-9662-D335F73982ED}.Release|x86.Build.0 = Release|Any CPU
		{0D5E5628-F0BF-40CB-A599-92C33D9D725C}.Debug|Any CPU.ActiveCfg = Debug|Any CPU
		{0D5E5628-F0BF-40CB-A599-92C33D9D725C}.Debug|Any CPU.Build.0 = Debug|Any CPU
		{0D5E5628-F0BF-40CB-A599-92C33D9D725C}.Debug|x64.ActiveCfg = Debug|Any CPU
		{0D5E5628-F0BF-40CB-A599-92C33D9D725C}.Debug|x64.Build.0 = Debug|Any CPU
		{0D5E5628-F0BF-40CB-A599-92C33D9D725C}.Debug|x86.ActiveCfg = Debug|Any CPU
		{0D5E5628-F0BF-40CB-A599-92C33D9D725C}.Debug|x86.Build.0 = Debug|Any CPU
		{0D5E5628-F0BF-40CB-A599-92C33D9D725C}.Release|Any CPU.ActiveCfg = Release|Any CPU
		{0D5E5628-F0BF-40CB-A599-92C33D9D725C}.Release|Any CPU.Build.0 = Release|Any CPU
		{0D5E5628-F0BF-40CB-A599-92C33D9D725C}.Release|x64.ActiveCfg = Release|Any CPU
		{0D5E5628-F0BF-40CB-A599-92C33D9D725C}.Release|x64.Build.0 = Release|Any CPU
		{0D5E5628-F0BF-40CB-A599-92C33D9D725C}.Release|x86.ActiveCfg = Release|Any CPU
		{0D5E5628-F0BF-40CB-A599-92C33D9D725C}.Release|x86.Build.0 = Release|Any CPU
		{96CB1251-1072-4042-9FB5-659D755E30CE}.Debug|Any CPU.ActiveCfg = Debug|Any CPU
		{96CB1251-1072-4042-9FB5-659D755E30CE}.Debug|Any CPU.Build.0 = Debug|Any CPU
		{96CB1251-1072-4042-9FB5-659D755E30CE}.Debug|x64.ActiveCfg = Debug|Any CPU
		{96CB1251-1072-4042-9FB5-659D755E30CE}.Debug|x64.Build.0 = Debug|Any CPU
		{96CB1251-1072-4042-9FB5-659D755E30CE}.Debug|x86.ActiveCfg = Debug|Any CPU
		{96CB1251-1072-4042-9FB5-659D755E30CE}.Debug|x86.Build.0 = Debug|Any CPU
		{96CB1251-1072-4042-9FB5-659D755E30CE}.Release|Any CPU.ActiveCfg = Release|Any CPU
		{96CB1251-1072-4042-9FB5-659D755E30CE}.Release|Any CPU.Build.0 = Release|Any CPU
		{96CB1251-1072-4042-9FB5-659D755E30CE}.Release|x64.ActiveCfg = Release|Any CPU
		{96CB1251-1072-4042-9FB5-659D755E30CE}.Release|x64.Build.0 = Release|Any CPU
		{96CB1251-1072-4042-9FB5-659D755E30CE}.Release|x86.ActiveCfg = Release|Any CPU
		{96CB1251-1072-4042-9FB5-659D755E30CE}.Release|x86.Build.0 = Release|Any CPU
		{9934FABF-310B-4D91-999F-09B65F86C14A}.Debug|Any CPU.ActiveCfg = Debug|Any CPU
		{9934FABF-310B-4D91-999F-09B65F86C14A}.Debug|Any CPU.Build.0 = Debug|Any CPU
		{9934FABF-310B-4D91-999F-09B65F86C14A}.Debug|x64.ActiveCfg = Debug|Any CPU
		{9934FABF-310B-4D91-999F-09B65F86C14A}.Debug|x64.Build.0 = Debug|Any CPU
		{9934FABF-310B-4D91-999F-09B65F86C14A}.Debug|x86.ActiveCfg = Debug|Any CPU
		{9934FABF-310B-4D91-999F-09B65F86C14A}.Debug|x86.Build.0 = Debug|Any CPU
		{9934FABF-310B-4D91-999F-09B65F86C14A}.Release|Any CPU.ActiveCfg = Release|Any CPU
		{9934FABF-310B-4D91-999F-09B65F86C14A}.Release|Any CPU.Build.0 = Release|Any CPU
		{9934FABF-310B-4D91-999F-09B65F86C14A}.Release|x64.ActiveCfg = Release|Any CPU
		{9934FABF-310B-4D91-999F-09B65F86C14A}.Release|x64.Build.0 = Release|Any CPU
		{9934FABF-310B-4D91-999F-09B65F86C14A}.Release|x86.ActiveCfg = Release|Any CPU
		{9934FABF-310B-4D91-999F-09B65F86C14A}.Release|x86.Build.0 = Release|Any CPU
		{6ACFC47F-49BA-4E40-B646-2DE0255187DE}.Debug|Any CPU.ActiveCfg = Debug|Any CPU
		{6ACFC47F-49BA-4E40-B646-2DE0255187DE}.Debug|Any CPU.Build.0 = Debug|Any CPU
		{6ACFC47F-49BA-4E40-B646-2DE0255187DE}.Debug|x64.ActiveCfg = Debug|Any CPU
		{6ACFC47F-49BA-4E40-B646-2DE0255187DE}.Debug|x64.Build.0 = Debug|Any CPU
		{6ACFC47F-49BA-4E40-B646-2DE0255187DE}.Debug|x86.ActiveCfg = Debug|Any CPU
		{6ACFC47F-49BA-4E40-B646-2DE0255187DE}.Debug|x86.Build.0 = Debug|Any CPU
		{6ACFC47F-49BA-4E40-B646-2DE0255187DE}.Release|Any CPU.ActiveCfg = Release|Any CPU
		{6ACFC47F-49BA-4E40-B646-2DE0255187DE}.Release|Any CPU.Build.0 = Release|Any CPU
		{6ACFC47F-49BA-4E40-B646-2DE0255187DE}.Release|x64.ActiveCfg = Release|Any CPU
		{6ACFC47F-49BA-4E40-B646-2DE0255187DE}.Release|x64.Build.0 = Release|Any CPU
		{6ACFC47F-49BA-4E40-B646-2DE0255187DE}.Release|x86.ActiveCfg = Release|Any CPU
		{6ACFC47F-49BA-4E40-B646-2DE0255187DE}.Release|x86.Build.0 = Release|Any CPU
		{7DEEA0E1-AFAB-4270-9788-D327DD0751AD}.Debug|Any CPU.ActiveCfg = Debug|Any CPU
		{7DEEA0E1-AFAB-4270-9788-D327DD0751AD}.Debug|Any CPU.Build.0 = Debug|Any CPU
		{7DEEA0E1-AFAB-4270-9788-D327DD0751AD}.Debug|x64.ActiveCfg = Debug|Any CPU
		{7DEEA0E1-AFAB-4270-9788-D327DD0751AD}.Debug|x64.Build.0 = Debug|Any CPU
		{7DEEA0E1-AFAB-4270-9788-D327DD0751AD}.Debug|x86.ActiveCfg = Debug|Any CPU
		{7DEEA0E1-AFAB-4270-9788-D327DD0751AD}.Debug|x86.Build.0 = Debug|Any CPU
		{7DEEA0E1-AFAB-4270-9788-D327DD0751AD}.Release|Any CPU.ActiveCfg = Release|Any CPU
		{7DEEA0E1-AFAB-4270-9788-D327DD0751AD}.Release|Any CPU.Build.0 = Release|Any CPU
		{7DEEA0E1-AFAB-4270-9788-D327DD0751AD}.Release|x64.ActiveCfg = Release|Any CPU
		{7DEEA0E1-AFAB-4270-9788-D327DD0751AD}.Release|x64.Build.0 = Release|Any CPU
		{7DEEA0E1-AFAB-4270-9788-D327DD0751AD}.Release|x86.ActiveCfg = Release|Any CPU
		{7DEEA0E1-AFAB-4270-9788-D327DD0751AD}.Release|x86.Build.0 = Release|Any CPU
		{B8DD194C-2228-417F-9BE8-84D8188DDBB5}.Debug|Any CPU.ActiveCfg = Debug|Any CPU
		{B8DD194C-2228-417F-9BE8-84D8188DDBB5}.Debug|Any CPU.Build.0 = Debug|Any CPU
		{B8DD194C-2228-417F-9BE8-84D8188DDBB5}.Debug|x64.ActiveCfg = Debug|Any CPU
		{B8DD194C-2228-417F-9BE8-84D8188DDBB5}.Debug|x64.Build.0 = Debug|Any CPU
		{B8DD194C-2228-417F-9BE8-84D8188DDBB5}.Debug|x86.ActiveCfg = Debug|Any CPU
		{B8DD194C-2228-417F-9BE8-84D8188DDBB5}.Debug|x86.Build.0 = Debug|Any CPU
		{B8DD194C-2228-417F-9BE8-84D8188DDBB5}.Release|Any CPU.ActiveCfg = Release|Any CPU
		{B8DD194C-2228-417F-9BE8-84D8188DDBB5}.Release|Any CPU.Build.0 = Release|Any CPU
		{B8DD194C-2228-417F-9BE8-84D8188DDBB5}.Release|x64.ActiveCfg = Release|Any CPU
		{B8DD194C-2228-417F-9BE8-84D8188DDBB5}.Release|x64.Build.0 = Release|Any CPU
		{B8DD194C-2228-417F-9BE8-84D8188DDBB5}.Release|x86.ActiveCfg = Release|Any CPU
		{B8DD194C-2228-417F-9BE8-84D8188DDBB5}.Release|x86.Build.0 = Release|Any CPU
		{F1A8EA27-F9F7-4F4E-AEB9-2B80F5E59699}.Debug|Any CPU.ActiveCfg = Debug|Any CPU
		{F1A8EA27-F9F7-4F4E-AEB9-2B80F5E59699}.Debug|Any CPU.Build.0 = Debug|Any CPU
		{F1A8EA27-F9F7-4F4E-AEB9-2B80F5E59699}.Debug|x64.ActiveCfg = Debug|Any CPU
		{F1A8EA27-F9F7-4F4E-AEB9-2B80F5E59699}.Debug|x64.Build.0 = Debug|Any CPU
		{F1A8EA27-F9F7-4F4E-AEB9-2B80F5E59699}.Debug|x86.ActiveCfg = Debug|Any CPU
		{F1A8EA27-F9F7-4F4E-AEB9-2B80F5E59699}.Debug|x86.Build.0 = Debug|Any CPU
		{F1A8EA27-F9F7-4F4E-AEB9-2B80F5E59699}.Release|Any CPU.ActiveCfg = Release|Any CPU
		{F1A8EA27-F9F7-4F4E-AEB9-2B80F5E59699}.Release|Any CPU.Build.0 = Release|Any CPU
		{F1A8EA27-F9F7-4F4E-AEB9-2B80F5E59699}.Release|x64.ActiveCfg = Release|Any CPU
		{F1A8EA27-F9F7-4F4E-AEB9-2B80F5E59699}.Release|x64.Build.0 = Release|Any CPU
		{F1A8EA27-F9F7-4F4E-AEB9-2B80F5E59699}.Release|x86.ActiveCfg = Release|Any CPU
		{F1A8EA27-F9F7-4F4E-AEB9-2B80F5E59699}.Release|x86.Build.0 = Release|Any CPU
		{497C5129-8527-4C77-AC1A-FBA20530AF30}.Debug|Any CPU.ActiveCfg = Debug|Any CPU
		{497C5129-8527-4C77-AC1A-FBA20530AF30}.Debug|Any CPU.Build.0 = Debug|Any CPU
		{497C5129-8527-4C77-AC1A-FBA20530AF30}.Debug|x64.ActiveCfg = Debug|Any CPU
		{497C5129-8527-4C77-AC1A-FBA20530AF30}.Debug|x64.Build.0 = Debug|Any CPU
		{497C5129-8527-4C77-AC1A-FBA20530AF30}.Debug|x86.ActiveCfg = Debug|Any CPU
		{497C5129-8527-4C77-AC1A-FBA20530AF30}.Debug|x86.Build.0 = Debug|Any CPU
		{497C5129-8527-4C77-AC1A-FBA20530AF30}.Release|Any CPU.ActiveCfg = Release|Any CPU
		{497C5129-8527-4C77-AC1A-FBA20530AF30}.Release|Any CPU.Build.0 = Release|Any CPU
		{497C5129-8527-4C77-AC1A-FBA20530AF30}.Release|x64.ActiveCfg = Release|Any CPU
		{497C5129-8527-4C77-AC1A-FBA20530AF30}.Release|x64.Build.0 = Release|Any CPU
		{497C5129-8527-4C77-AC1A-FBA20530AF30}.Release|x86.ActiveCfg = Release|Any CPU
		{497C5129-8527-4C77-AC1A-FBA20530AF30}.Release|x86.Build.0 = Release|Any CPU
		{4E73F949-D345-4C2B-B5CB-49FB76CFF31A}.Debug|Any CPU.ActiveCfg = Debug|Any CPU
		{4E73F949-D345-4C2B-B5CB-49FB76CFF31A}.Debug|Any CPU.Build.0 = Debug|Any CPU
		{4E73F949-D345-4C2B-B5CB-49FB76CFF31A}.Debug|x64.ActiveCfg = Debug|Any CPU
		{4E73F949-D345-4C2B-B5CB-49FB76CFF31A}.Debug|x64.Build.0 = Debug|Any CPU
		{4E73F949-D345-4C2B-B5CB-49FB76CFF31A}.Debug|x86.ActiveCfg = Debug|Any CPU
		{4E73F949-D345-4C2B-B5CB-49FB76CFF31A}.Debug|x86.Build.0 = Debug|Any CPU
		{4E73F949-D345-4C2B-B5CB-49FB76CFF31A}.Release|Any CPU.ActiveCfg = Release|Any CPU
		{4E73F949-D345-4C2B-B5CB-49FB76CFF31A}.Release|Any CPU.Build.0 = Release|Any CPU
		{4E73F949-D345-4C2B-B5CB-49FB76CFF31A}.Release|x64.ActiveCfg = Release|Any CPU
		{4E73F949-D345-4C2B-B5CB-49FB76CFF31A}.Release|x64.Build.0 = Release|Any CPU
		{4E73F949-D345-4C2B-B5CB-49FB76CFF31A}.Release|x86.ActiveCfg = Release|Any CPU
		{4E73F949-D345-4C2B-B5CB-49FB76CFF31A}.Release|x86.Build.0 = Release|Any CPU
		{032DB356-8C13-41E7-8650-C1285F455700}.Debug|Any CPU.ActiveCfg = Debug|Any CPU
		{032DB356-8C13-41E7-8650-C1285F455700}.Debug|Any CPU.Build.0 = Debug|Any CPU
		{032DB356-8C13-41E7-8650-C1285F455700}.Debug|x64.ActiveCfg = Debug|Any CPU
		{032DB356-8C13-41E7-8650-C1285F455700}.Debug|x64.Build.0 = Debug|Any CPU
		{032DB356-8C13-41E7-8650-C1285F455700}.Debug|x86.ActiveCfg = Debug|Any CPU
		{032DB356-8C13-41E7-8650-C1285F455700}.Debug|x86.Build.0 = Debug|Any CPU
		{032DB356-8C13-41E7-8650-C1285F455700}.Release|Any CPU.ActiveCfg = Release|Any CPU
		{032DB356-8C13-41E7-8650-C1285F455700}.Release|Any CPU.Build.0 = Release|Any CPU
		{032DB356-8C13-41E7-8650-C1285F455700}.Release|x64.ActiveCfg = Release|Any CPU
		{032DB356-8C13-41E7-8650-C1285F455700}.Release|x64.Build.0 = Release|Any CPU
		{032DB356-8C13-41E7-8650-C1285F455700}.Release|x86.ActiveCfg = Release|Any CPU
		{032DB356-8C13-41E7-8650-C1285F455700}.Release|x86.Build.0 = Release|Any CPU
		{CC9C03C7-4D29-4C32-9A81-F941DFCBA262}.Debug|Any CPU.ActiveCfg = Debug|Any CPU
		{CC9C03C7-4D29-4C32-9A81-F941DFCBA262}.Debug|Any CPU.Build.0 = Debug|Any CPU
		{CC9C03C7-4D29-4C32-9A81-F941DFCBA262}.Debug|x64.ActiveCfg = Debug|Any CPU
		{CC9C03C7-4D29-4C32-9A81-F941DFCBA262}.Debug|x64.Build.0 = Debug|Any CPU
		{CC9C03C7-4D29-4C32-9A81-F941DFCBA262}.Debug|x86.ActiveCfg = Debug|Any CPU
		{CC9C03C7-4D29-4C32-9A81-F941DFCBA262}.Debug|x86.Build.0 = Debug|Any CPU
		{CC9C03C7-4D29-4C32-9A81-F941DFCBA262}.Release|Any CPU.ActiveCfg = Release|Any CPU
		{CC9C03C7-4D29-4C32-9A81-F941DFCBA262}.Release|Any CPU.Build.0 = Release|Any CPU
		{CC9C03C7-4D29-4C32-9A81-F941DFCBA262}.Release|x64.ActiveCfg = Release|Any CPU
		{CC9C03C7-4D29-4C32-9A81-F941DFCBA262}.Release|x64.Build.0 = Release|Any CPU
		{CC9C03C7-4D29-4C32-9A81-F941DFCBA262}.Release|x86.ActiveCfg = Release|Any CPU
		{CC9C03C7-4D29-4C32-9A81-F941DFCBA262}.Release|x86.Build.0 = Release|Any CPU
		{FF0CC4A6-B462-0A79-1050-FE20D0230E6A}.Debug|Any CPU.ActiveCfg = Debug|Any CPU
		{FF0CC4A6-B462-0A79-1050-FE20D0230E6A}.Debug|Any CPU.Build.0 = Debug|Any CPU
		{FF0CC4A6-B462-0A79-1050-FE20D0230E6A}.Debug|x64.ActiveCfg = Debug|Any CPU
		{FF0CC4A6-B462-0A79-1050-FE20D0230E6A}.Debug|x64.Build.0 = Debug|Any CPU
		{FF0CC4A6-B462-0A79-1050-FE20D0230E6A}.Debug|x86.ActiveCfg = Debug|Any CPU
		{FF0CC4A6-B462-0A79-1050-FE20D0230E6A}.Debug|x86.Build.0 = Debug|Any CPU
		{FF0CC4A6-B462-0A79-1050-FE20D0230E6A}.Release|Any CPU.ActiveCfg = Release|Any CPU
		{FF0CC4A6-B462-0A79-1050-FE20D0230E6A}.Release|Any CPU.Build.0 = Release|Any CPU
		{FF0CC4A6-B462-0A79-1050-FE20D0230E6A}.Release|x64.ActiveCfg = Release|Any CPU
		{FF0CC4A6-B462-0A79-1050-FE20D0230E6A}.Release|x64.Build.0 = Release|Any CPU
		{FF0CC4A6-B462-0A79-1050-FE20D0230E6A}.Release|x86.ActiveCfg = Release|Any CPU
		{FF0CC4A6-B462-0A79-1050-FE20D0230E6A}.Release|x86.Build.0 = Release|Any CPU
		{BED4027C-A47C-0E06-5FC3-73FFD7BA4EFE}.Debug|Any CPU.ActiveCfg = Debug|Any CPU
		{BED4027C-A47C-0E06-5FC3-73FFD7BA4EFE}.Debug|Any CPU.Build.0 = Debug|Any CPU
		{BED4027C-A47C-0E06-5FC3-73FFD7BA4EFE}.Debug|x64.ActiveCfg = Debug|Any CPU
		{BED4027C-A47C-0E06-5FC3-73FFD7BA4EFE}.Debug|x64.Build.0 = Debug|Any CPU
		{BED4027C-A47C-0E06-5FC3-73FFD7BA4EFE}.Debug|x86.ActiveCfg = Debug|Any CPU
		{BED4027C-A47C-0E06-5FC3-73FFD7BA4EFE}.Debug|x86.Build.0 = Debug|Any CPU
		{BED4027C-A47C-0E06-5FC3-73FFD7BA4EFE}.Release|Any CPU.ActiveCfg = Release|Any CPU
		{BED4027C-A47C-0E06-5FC3-73FFD7BA4EFE}.Release|Any CPU.Build.0 = Release|Any CPU
		{BED4027C-A47C-0E06-5FC3-73FFD7BA4EFE}.Release|x64.ActiveCfg = Release|Any CPU
		{BED4027C-A47C-0E06-5FC3-73FFD7BA4EFE}.Release|x64.Build.0 = Release|Any CPU
		{BED4027C-A47C-0E06-5FC3-73FFD7BA4EFE}.Release|x86.ActiveCfg = Release|Any CPU
		{BED4027C-A47C-0E06-5FC3-73FFD7BA4EFE}.Release|x86.Build.0 = Release|Any CPU
		{0CFDD74E-3F53-44DB-F47C-85E1F6255EC7}.Debug|Any CPU.ActiveCfg = Debug|Any CPU
		{0CFDD74E-3F53-44DB-F47C-85E1F6255EC7}.Debug|Any CPU.Build.0 = Debug|Any CPU
		{0CFDD74E-3F53-44DB-F47C-85E1F6255EC7}.Debug|x64.ActiveCfg = Debug|Any CPU
		{0CFDD74E-3F53-44DB-F47C-85E1F6255EC7}.Debug|x64.Build.0 = Debug|Any CPU
		{0CFDD74E-3F53-44DB-F47C-85E1F6255EC7}.Debug|x86.ActiveCfg = Debug|Any CPU
		{0CFDD74E-3F53-44DB-F47C-85E1F6255EC7}.Debug|x86.Build.0 = Debug|Any CPU
		{0CFDD74E-3F53-44DB-F47C-85E1F6255EC7}.Release|Any CPU.ActiveCfg = Release|Any CPU
		{0CFDD74E-3F53-44DB-F47C-85E1F6255EC7}.Release|Any CPU.Build.0 = Release|Any CPU
		{0CFDD74E-3F53-44DB-F47C-85E1F6255EC7}.Release|x64.ActiveCfg = Release|Any CPU
		{0CFDD74E-3F53-44DB-F47C-85E1F6255EC7}.Release|x64.Build.0 = Release|Any CPU
		{0CFDD74E-3F53-44DB-F47C-85E1F6255EC7}.Release|x86.ActiveCfg = Release|Any CPU
		{0CFDD74E-3F53-44DB-F47C-85E1F6255EC7}.Release|x86.Build.0 = Release|Any CPU
		{C2F2AE2C-AEC6-69E3-8AD7-D215B884B9BF}.Debug|Any CPU.ActiveCfg = Debug|Any CPU
		{C2F2AE2C-AEC6-69E3-8AD7-D215B884B9BF}.Debug|Any CPU.Build.0 = Debug|Any CPU
		{C2F2AE2C-AEC6-69E3-8AD7-D215B884B9BF}.Debug|x64.ActiveCfg = Debug|Any CPU
		{C2F2AE2C-AEC6-69E3-8AD7-D215B884B9BF}.Debug|x64.Build.0 = Debug|Any CPU
		{C2F2AE2C-AEC6-69E3-8AD7-D215B884B9BF}.Debug|x86.ActiveCfg = Debug|Any CPU
		{C2F2AE2C-AEC6-69E3-8AD7-D215B884B9BF}.Debug|x86.Build.0 = Debug|Any CPU
		{C2F2AE2C-AEC6-69E3-8AD7-D215B884B9BF}.Release|Any CPU.ActiveCfg = Release|Any CPU
		{C2F2AE2C-AEC6-69E3-8AD7-D215B884B9BF}.Release|Any CPU.Build.0 = Release|Any CPU
		{C2F2AE2C-AEC6-69E3-8AD7-D215B884B9BF}.Release|x64.ActiveCfg = Release|Any CPU
		{C2F2AE2C-AEC6-69E3-8AD7-D215B884B9BF}.Release|x64.Build.0 = Release|Any CPU
		{C2F2AE2C-AEC6-69E3-8AD7-D215B884B9BF}.Release|x86.ActiveCfg = Release|Any CPU
		{C2F2AE2C-AEC6-69E3-8AD7-D215B884B9BF}.Release|x86.Build.0 = Release|Any CPU
		{8099165E-826D-455A-8A0B-C0E5676B1384}.Debug|Any CPU.ActiveCfg = Debug|Any CPU
		{8099165E-826D-455A-8A0B-C0E5676B1384}.Debug|Any CPU.Build.0 = Debug|Any CPU
		{8099165E-826D-455A-8A0B-C0E5676B1384}.Debug|x64.ActiveCfg = Debug|Any CPU
		{8099165E-826D-455A-8A0B-C0E5676B1384}.Debug|x64.Build.0 = Debug|Any CPU
		{8099165E-826D-455A-8A0B-C0E5676B1384}.Debug|x86.ActiveCfg = Debug|Any CPU
		{8099165E-826D-455A-8A0B-C0E5676B1384}.Debug|x86.Build.0 = Debug|Any CPU
		{8099165E-826D-455A-8A0B-C0E5676B1384}.Release|Any CPU.ActiveCfg = Release|Any CPU
		{8099165E-826D-455A-8A0B-C0E5676B1384}.Release|Any CPU.Build.0 = Release|Any CPU
		{8099165E-826D-455A-8A0B-C0E5676B1384}.Release|x64.ActiveCfg = Release|Any CPU
		{8099165E-826D-455A-8A0B-C0E5676B1384}.Release|x64.Build.0 = Release|Any CPU
		{8099165E-826D-455A-8A0B-C0E5676B1384}.Release|x86.ActiveCfg = Release|Any CPU
		{8099165E-826D-455A-8A0B-C0E5676B1384}.Release|x86.Build.0 = Release|Any CPU
		{66462725-1997-4332-A7BA-E693987AE5CE}.Debug|Any CPU.ActiveCfg = Debug|Any CPU
		{66462725-1997-4332-A7BA-E693987AE5CE}.Debug|Any CPU.Build.0 = Debug|Any CPU
		{66462725-1997-4332-A7BA-E693987AE5CE}.Debug|x64.ActiveCfg = Debug|Any CPU
		{66462725-1997-4332-A7BA-E693987AE5CE}.Debug|x64.Build.0 = Debug|Any CPU
		{66462725-1997-4332-A7BA-E693987AE5CE}.Debug|x86.ActiveCfg = Debug|Any CPU
		{66462725-1997-4332-A7BA-E693987AE5CE}.Debug|x86.Build.0 = Debug|Any CPU
		{66462725-1997-4332-A7BA-E693987AE5CE}.Release|Any CPU.ActiveCfg = Release|Any CPU
		{66462725-1997-4332-A7BA-E693987AE5CE}.Release|Any CPU.Build.0 = Release|Any CPU
		{66462725-1997-4332-A7BA-E693987AE5CE}.Release|x64.ActiveCfg = Release|Any CPU
		{66462725-1997-4332-A7BA-E693987AE5CE}.Release|x64.Build.0 = Release|Any CPU
		{66462725-1997-4332-A7BA-E693987AE5CE}.Release|x86.ActiveCfg = Release|Any CPU
		{66462725-1997-4332-A7BA-E693987AE5CE}.Release|x86.Build.0 = Release|Any CPU
		{8590939F-4018-48CD-9434-A112D13ECDE2}.Debug|Any CPU.ActiveCfg = Debug|Any CPU
		{8590939F-4018-48CD-9434-A112D13ECDE2}.Debug|Any CPU.Build.0 = Debug|Any CPU
		{8590939F-4018-48CD-9434-A112D13ECDE2}.Debug|x64.ActiveCfg = Debug|Any CPU
		{8590939F-4018-48CD-9434-A112D13ECDE2}.Debug|x64.Build.0 = Debug|Any CPU
		{8590939F-4018-48CD-9434-A112D13ECDE2}.Debug|x86.ActiveCfg = Debug|Any CPU
		{8590939F-4018-48CD-9434-A112D13ECDE2}.Debug|x86.Build.0 = Debug|Any CPU
		{8590939F-4018-48CD-9434-A112D13ECDE2}.Release|Any CPU.ActiveCfg = Release|Any CPU
		{8590939F-4018-48CD-9434-A112D13ECDE2}.Release|Any CPU.Build.0 = Release|Any CPU
		{8590939F-4018-48CD-9434-A112D13ECDE2}.Release|x64.ActiveCfg = Release|Any CPU
		{8590939F-4018-48CD-9434-A112D13ECDE2}.Release|x64.Build.0 = Release|Any CPU
		{8590939F-4018-48CD-9434-A112D13ECDE2}.Release|x86.ActiveCfg = Release|Any CPU
		{8590939F-4018-48CD-9434-A112D13ECDE2}.Release|x86.Build.0 = Release|Any CPU
		{85CA8F58-E16B-4148-8A8A-E05E564B85E5}.Debug|Any CPU.ActiveCfg = Debug|Any CPU
		{85CA8F58-E16B-4148-8A8A-E05E564B85E5}.Debug|Any CPU.Build.0 = Debug|Any CPU
		{85CA8F58-E16B-4148-8A8A-E05E564B85E5}.Debug|x64.ActiveCfg = Debug|Any CPU
		{85CA8F58-E16B-4148-8A8A-E05E564B85E5}.Debug|x64.Build.0 = Debug|Any CPU
		{85CA8F58-E16B-4148-8A8A-E05E564B85E5}.Debug|x86.ActiveCfg = Debug|Any CPU
		{85CA8F58-E16B-4148-8A8A-E05E564B85E5}.Debug|x86.Build.0 = Debug|Any CPU
		{85CA8F58-E16B-4148-8A8A-E05E564B85E5}.Release|Any CPU.ActiveCfg = Release|Any CPU
		{85CA8F58-E16B-4148-8A8A-E05E564B85E5}.Release|Any CPU.Build.0 = Release|Any CPU
		{85CA8F58-E16B-4148-8A8A-E05E564B85E5}.Release|x64.ActiveCfg = Release|Any CPU
		{85CA8F58-E16B-4148-8A8A-E05E564B85E5}.Release|x64.Build.0 = Release|Any CPU
		{85CA8F58-E16B-4148-8A8A-E05E564B85E5}.Release|x86.ActiveCfg = Release|Any CPU
		{85CA8F58-E16B-4148-8A8A-E05E564B85E5}.Release|x86.Build.0 = Release|Any CPU
		{7F71E15B-E0B4-4FD4-BF2A-B5302F51E762}.Debug|Any CPU.ActiveCfg = Debug|Any CPU
		{7F71E15B-E0B4-4FD4-BF2A-B5302F51E762}.Debug|Any CPU.Build.0 = Debug|Any CPU
		{7F71E15B-E0B4-4FD4-BF2A-B5302F51E762}.Debug|x64.ActiveCfg = Debug|Any CPU
		{7F71E15B-E0B4-4FD4-BF2A-B5302F51E762}.Debug|x64.Build.0 = Debug|Any CPU
		{7F71E15B-E0B4-4FD4-BF2A-B5302F51E762}.Debug|x86.ActiveCfg = Debug|Any CPU
		{7F71E15B-E0B4-4FD4-BF2A-B5302F51E762}.Debug|x86.Build.0 = Debug|Any CPU
		{7F71E15B-E0B4-4FD4-BF2A-B5302F51E762}.Release|Any CPU.ActiveCfg = Release|Any CPU
		{7F71E15B-E0B4-4FD4-BF2A-B5302F51E762}.Release|Any CPU.Build.0 = Release|Any CPU
		{7F71E15B-E0B4-4FD4-BF2A-B5302F51E762}.Release|x64.ActiveCfg = Release|Any CPU
		{7F71E15B-E0B4-4FD4-BF2A-B5302F51E762}.Release|x64.Build.0 = Release|Any CPU
		{7F71E15B-E0B4-4FD4-BF2A-B5302F51E762}.Release|x86.ActiveCfg = Release|Any CPU
		{7F71E15B-E0B4-4FD4-BF2A-B5302F51E762}.Release|x86.Build.0 = Release|Any CPU
	EndGlobalSection
	GlobalSection(SolutionProperties) = preSolution
		HideSolutionNode = FALSE
	EndGlobalSection
	GlobalSection(NestedProjects) = preSolution
		{984BB9B3-3FA3-BE33-9484-CAC21695A33C} = {827E0CD3-B72D-47B6-A68D-7590B98EB39B}
		{A52FF9A7-1006-A729-7F26-021652E10080} = {984BB9B3-3FA3-BE33-9484-CAC21695A33C}
		{1B3C8FA1-EB09-4362-871B-E2494DF778A7} = {A52FF9A7-1006-A729-7F26-021652E10080}
		{A21DFF15-DB0B-4C9A-BCBC-BD9ED0870C60} = {A52FF9A7-1006-A729-7F26-021652E10080}
		{6D69E515-BE2F-43B0-B363-6C98CF212C25} = {A52FF9A7-1006-A729-7F26-021652E10080}
		{9E2213EE-2D81-4D7E-B5C2-E379540F8FEC} = {A52FF9A7-1006-A729-7F26-021652E10080}
		{323702BE-ECDD-4D5B-A295-7AC776568B21} = {A52FF9A7-1006-A729-7F26-021652E10080}
		{6306A8FB-679E-111F-6585-8F70E0EE6013} = {827E0CD3-B72D-47B6-A68D-7590B98EB39B}
		{6FA0CAF7-E0C0-49B2-9662-D335F73982ED} = {6306A8FB-679E-111F-6585-8F70E0EE6013}
		{65ABFB5D-2B10-DF64-BF12-C17976F8E5D9} = {827E0CD3-B72D-47B6-A68D-7590B98EB39B}
		{0D5E5628-F0BF-40CB-A599-92C33D9D725C} = {65ABFB5D-2B10-DF64-BF12-C17976F8E5D9}
		{96CB1251-1072-4042-9FB5-659D755E30CE} = {65ABFB5D-2B10-DF64-BF12-C17976F8E5D9}
		{9934FABF-310B-4D91-999F-09B65F86C14A} = {65ABFB5D-2B10-DF64-BF12-C17976F8E5D9}
		{6ACFC47F-49BA-4E40-B646-2DE0255187DE} = {65ABFB5D-2B10-DF64-BF12-C17976F8E5D9}
		{385B7D45-7375-ADE1-0C95-BEC07576A58E} = {984BB9B3-3FA3-BE33-9484-CAC21695A33C}
		{7DEEA0E1-AFAB-4270-9788-D327DD0751AD} = {385B7D45-7375-ADE1-0C95-BEC07576A58E}
		{B8DD194C-2228-417F-9BE8-84D8188DDBB5} = {385B7D45-7375-ADE1-0C95-BEC07576A58E}
		{F1A8EA27-F9F7-4F4E-AEB9-2B80F5E59699} = {385B7D45-7375-ADE1-0C95-BEC07576A58E}
		{497C5129-8527-4C77-AC1A-FBA20530AF30} = {385B7D45-7375-ADE1-0C95-BEC07576A58E}
		{4E73F949-D345-4C2B-B5CB-49FB76CFF31A} = {385B7D45-7375-ADE1-0C95-BEC07576A58E}
		{36D591C7-65C7-A0D1-1CBC-10CDE441BDC8} = {827E0CD3-B72D-47B6-A68D-7590B98EB39B}
		{032DB356-8C13-41E7-8650-C1285F455700} = {36D591C7-65C7-A0D1-1CBC-10CDE441BDC8}
		{3B521CF7-B069-430A-8FD9-B750550B7C6C} = {984BB9B3-3FA3-BE33-9484-CAC21695A33C}
		{CC9C03C7-4D29-4C32-9A81-F941DFCBA262} = {3B521CF7-B069-430A-8FD9-B750550B7C6C}
		{FF0CC4A6-B462-0A79-1050-FE20D0230E6A} = {3B521CF7-B069-430A-8FD9-B750550B7C6C}
		{BED4027C-A47C-0E06-5FC3-73FFD7BA4EFE} = {3B521CF7-B069-430A-8FD9-B750550B7C6C}
		{0CFDD74E-3F53-44DB-F47C-85E1F6255EC7} = {3B521CF7-B069-430A-8FD9-B750550B7C6C}
		{C2F2AE2C-AEC6-69E3-8AD7-D215B884B9BF} = {3B521CF7-B069-430A-8FD9-B750550B7C6C}
		{40CB294E-2A2C-AA7D-5466-10F40F0DAD4F} = {984BB9B3-3FA3-BE33-9484-CAC21695A33C}
		{8099165E-826D-455A-8A0B-C0E5676B1384} = {40CB294E-2A2C-AA7D-5466-10F40F0DAD4F}
		{66462725-1997-4332-A7BA-E693987AE5CE} = {40CB294E-2A2C-AA7D-5466-10F40F0DAD4F}
		{8590939F-4018-48CD-9434-A112D13ECDE2} = {40CB294E-2A2C-AA7D-5466-10F40F0DAD4F}
		{85CA8F58-E16B-4148-8A8A-E05E564B85E5} = {40CB294E-2A2C-AA7D-5466-10F40F0DAD4F}
		{7F71E15B-E0B4-4FD4-BF2A-B5302F51E762} = {40CB294E-2A2C-AA7D-5466-10F40F0DAD4F}
	EndGlobalSection
	GlobalSection(ExtensibilityGlobals) = postSolution
		SolutionGuid = {95FF53B5-FE0C-498D-9737-6155FA185481}
	EndGlobalSection
EndGlobal
